// !$*UTF8*$!
{
	archiveVersion = 1;
	classes = {
	};
	objectVersion = 46;
	objects = {

/* Begin PBXBuildFile section */
		CF1BA8F519A56C6600AA27B1 /* YMLWalkingOverviewViewController.m in Sources */ = {isa = PBXBuildFile; fileRef = CF1BA8F319A56C6600AA27B1 /* YMLWalkingOverviewViewController.m */; };
		CF1BA8F619A56C6600AA27B1 /* YMLWalkingOverviewViewController.xib in Resources */ = {isa = PBXBuildFile; fileRef = CF1BA8F419A56C6600AA27B1 /* YMLWalkingOverviewViewController.xib */; };
		CF97C50B19A6751C00EBECCB /* YMLWalkingResultsViewController.m in Sources */ = {isa = PBXBuildFile; fileRef = CF97C50919A6751C00EBECCB /* YMLWalkingResultsViewController.m */; };
		CF97C50C19A6751C00EBECCB /* YMLWalkingResultsViewController.xib in Resources */ = {isa = PBXBuildFile; fileRef = CF97C50A19A6751C00EBECCB /* YMLWalkingResultsViewController.xib */; };
		CF97C51019A689CB00EBECCB /* YMLWalkingStepsViewController.m in Sources */ = {isa = PBXBuildFile; fileRef = CF97C50E19A689CB00EBECCB /* YMLWalkingStepsViewController.m */; };
		CF97C51119A689CB00EBECCB /* YMLWalkingStepsViewController.xib in Resources */ = {isa = PBXBuildFile; fileRef = CF97C50F19A689CB00EBECCB /* YMLWalkingStepsViewController.xib */; };
		CF97C51619A6B25200EBECCB /* YMLIntervalOverviewViewController.m in Sources */ = {isa = PBXBuildFile; fileRef = CF97C51419A6B25200EBECCB /* YMLIntervalOverviewViewController.m */; };
		CF97C51719A6B25200EBECCB /* YMLIntervalOverviewViewController.xib in Resources */ = {isa = PBXBuildFile; fileRef = CF97C51519A6B25200EBECCB /* YMLIntervalOverviewViewController.xib */; };
		CF97C51F19A7AD0200EBECCB /* YMLPhonationOverviewViewController.m in Sources */ = {isa = PBXBuildFile; fileRef = CF97C51D19A7AD0200EBECCB /* YMLPhonationOverviewViewController.m */; };
		CF97C52019A7AD0200EBECCB /* YMLPhonationOverviewViewController.xib in Resources */ = {isa = PBXBuildFile; fileRef = CF97C51E19A7AD0200EBECCB /* YMLPhonationOverviewViewController.xib */; };
		CF97C52419A7AD1700EBECCB /* YMLSleepQualityOverviewViewController.m in Sources */ = {isa = PBXBuildFile; fileRef = CF97C52219A7AD1700EBECCB /* YMLSleepQualityOverviewViewController.m */; };
		CF97C52519A7AD1700EBECCB /* YMLSleepQualityOverviewViewController.xib in Resources */ = {isa = PBXBuildFile; fileRef = CF97C52319A7AD1700EBECCB /* YMLSleepQualityOverviewViewController.xib */; };
		CF97C52919A7AD2C00EBECCB /* YMLChangedMedsOverviewViewController.m in Sources */ = {isa = PBXBuildFile; fileRef = CF97C52719A7AD2C00EBECCB /* YMLChangedMedsOverviewViewController.m */; };
		CF97C52A19A7AD2C00EBECCB /* YMLChangedMedsOverviewViewController.xib in Resources */ = {isa = PBXBuildFile; fileRef = CF97C52819A7AD2C00EBECCB /* YMLChangedMedsOverviewViewController.xib */; };
		CF97C52E19A7AD4000EBECCB /* YMLTracingOverviewViewController.m in Sources */ = {isa = PBXBuildFile; fileRef = CF97C52C19A7AD4000EBECCB /* YMLTracingOverviewViewController.m */; };
		CF97C52F19A7AD4000EBECCB /* YMLTracingOverviewViewController.xib in Resources */ = {isa = PBXBuildFile; fileRef = CF97C52D19A7AD4000EBECCB /* YMLTracingOverviewViewController.xib */; };
		CF97C53219A7B26300EBECCB /* YMLStepViewController.m in Sources */ = {isa = PBXBuildFile; fileRef = CF97C53119A7B26300EBECCB /* YMLStepViewController.m */; };
		CFA2ABB619A7C229000DB961 /* HealthKit.framework in Frameworks */ = {isa = PBXBuildFile; fileRef = CFA2ABB519A7C229000DB961 /* HealthKit.framework */; };
		CFA2ABB919A7C326000DB961 /* ResearchKit.bundle in Resources */ = {isa = PBXBuildFile; fileRef = CFA2ABB719A7C326000DB961 /* ResearchKit.bundle */; };
		CFA2ABBA19A7C326000DB961 /* ResearchKit.framework in Frameworks */ = {isa = PBXBuildFile; fileRef = CFA2ABB819A7C326000DB961 /* ResearchKit.framework */; };
		CFA2ABBC19A7C3A9000DB961 /* CoreData.framework in Frameworks */ = {isa = PBXBuildFile; fileRef = CFA2ABBB19A7C3A9000DB961 /* CoreData.framework */; };
		CFA2ABBE19A7C3C2000DB961 /* Security.framework in Frameworks */ = {isa = PBXBuildFile; fileRef = CFA2ABBD19A7C3C2000DB961 /* Security.framework */; };
		CFA2ABC019A7C3EB000DB961 /* AVFoundation.framework in Frameworks */ = {isa = PBXBuildFile; fileRef = CFA2ABBF19A7C3EB000DB961 /* AVFoundation.framework */; };
		CFA2ABC219A7C431000DB961 /* libz.dylib in Frameworks */ = {isa = PBXBuildFile; fileRef = CFA2ABC119A7C431000DB961 /* libz.dylib */; };
		CFA2ABC419A7C446000DB961 /* libarchive.dylib in Frameworks */ = {isa = PBXBuildFile; fileRef = CFA2ABC319A7C446000DB961 /* libarchive.dylib */; };
		CFC2D2DD19A5417D00170E69 /* main.m in Sources */ = {isa = PBXBuildFile; fileRef = CFC2D2DC19A5417D00170E69 /* main.m */; };
		CFC2D2E019A5417D00170E69 /* AppDelegate.m in Sources */ = {isa = PBXBuildFile; fileRef = CFC2D2DF19A5417D00170E69 /* AppDelegate.m */; };
		CFC2D2E319A5417D00170E69 /* YMLActivitiesViewController.m in Sources */ = {isa = PBXBuildFile; fileRef = CFC2D2E219A5417D00170E69 /* YMLActivitiesViewController.m */; };
		CFC2D2E619A5417D00170E69 /* Main.storyboard in Resources */ = {isa = PBXBuildFile; fileRef = CFC2D2E419A5417D00170E69 /* Main.storyboard */; };
		CFC2D2E819A5417D00170E69 /* Images.xcassets in Resources */ = {isa = PBXBuildFile; fileRef = CFC2D2E719A5417D00170E69 /* Images.xcassets */; };
		CFC2D2F419A5417D00170E69 /* ParkinsonTests.m in Sources */ = {isa = PBXBuildFile; fileRef = CFC2D2F319A5417D00170E69 /* ParkinsonTests.m */; };
		CFC2D30019A54F6100170E69 /* YMLActivitiesTableViewCell.m in Sources */ = {isa = PBXBuildFile; fileRef = CFC2D2FE19A54F6100170E69 /* YMLActivitiesTableViewCell.m */; };
		CFC2D30119A54F6100170E69 /* YMLActivitiesTableViewCell.xib in Resources */ = {isa = PBXBuildFile; fileRef = CFC2D2FF19A54F6100170E69 /* YMLActivitiesTableViewCell.xib */; };
		CFC2D30419A5509700170E69 /* YMLConfirmationView.m in Sources */ = {isa = PBXBuildFile; fileRef = CFC2D30319A5509700170E69 /* YMLConfirmationView.m */; };
		CFC2D30819A55B8000170E69 /* NSString+CustomMethods.m in Sources */ = {isa = PBXBuildFile; fileRef = CFC2D30719A55B8000170E69 /* NSString+CustomMethods.m */; };
/* End PBXBuildFile section */

/* Begin PBXContainerItemProxy section */
		CFC2D2EE19A5417D00170E69 /* PBXContainerItemProxy */ = {
			isa = PBXContainerItemProxy;
			containerPortal = CFC2D2CF19A5417D00170E69 /* Project object */;
			proxyType = 1;
			remoteGlobalIDString = CFC2D2D619A5417D00170E69;
			remoteInfo = Parkinson;
		};
/* End PBXContainerItemProxy section */

/* Begin PBXFileReference section */
		CF1BA8F219A56C6600AA27B1 /* YMLWalkingOverviewViewController.h */ = {isa = PBXFileReference; fileEncoding = 4; lastKnownFileType = sourcecode.c.h; path = YMLWalkingOverviewViewController.h; sourceTree = "<group>"; };
		CF1BA8F319A56C6600AA27B1 /* YMLWalkingOverviewViewController.m */ = {isa = PBXFileReference; fileEncoding = 4; lastKnownFileType = sourcecode.c.objc; path = YMLWalkingOverviewViewController.m; sourceTree = "<group>"; };
		CF1BA8F419A56C6600AA27B1 /* YMLWalkingOverviewViewController.xib */ = {isa = PBXFileReference; fileEncoding = 4; lastKnownFileType = file.xib; path = YMLWalkingOverviewViewController.xib; sourceTree = "<group>"; };
		CF97C50819A6751C00EBECCB /* YMLWalkingResultsViewController.h */ = {isa = PBXFileReference; fileEncoding = 4; lastKnownFileType = sourcecode.c.h; path = YMLWalkingResultsViewController.h; sourceTree = "<group>"; };
		CF97C50919A6751C00EBECCB /* YMLWalkingResultsViewController.m */ = {isa = PBXFileReference; fileEncoding = 4; lastKnownFileType = sourcecode.c.objc; path = YMLWalkingResultsViewController.m; sourceTree = "<group>"; };
		CF97C50A19A6751C00EBECCB /* YMLWalkingResultsViewController.xib */ = {isa = PBXFileReference; fileEncoding = 4; lastKnownFileType = file.xib; path = YMLWalkingResultsViewController.xib; sourceTree = "<group>"; };
		CF97C50D19A689CB00EBECCB /* YMLWalkingStepsViewController.h */ = {isa = PBXFileReference; fileEncoding = 4; lastKnownFileType = sourcecode.c.h; path = YMLWalkingStepsViewController.h; sourceTree = "<group>"; };
		CF97C50E19A689CB00EBECCB /* YMLWalkingStepsViewController.m */ = {isa = PBXFileReference; fileEncoding = 4; lastKnownFileType = sourcecode.c.objc; path = YMLWalkingStepsViewController.m; sourceTree = "<group>"; };
		CF97C50F19A689CB00EBECCB /* YMLWalkingStepsViewController.xib */ = {isa = PBXFileReference; fileEncoding = 4; lastKnownFileType = file.xib; path = YMLWalkingStepsViewController.xib; sourceTree = "<group>"; };
		CF97C51319A6B25200EBECCB /* YMLIntervalOverviewViewController.h */ = {isa = PBXFileReference; fileEncoding = 4; lastKnownFileType = sourcecode.c.h; path = YMLIntervalOverviewViewController.h; sourceTree = "<group>"; };
		CF97C51419A6B25200EBECCB /* YMLIntervalOverviewViewController.m */ = {isa = PBXFileReference; fileEncoding = 4; lastKnownFileType = sourcecode.c.objc; path = YMLIntervalOverviewViewController.m; sourceTree = "<group>"; };
		CF97C51519A6B25200EBECCB /* YMLIntervalOverviewViewController.xib */ = {isa = PBXFileReference; fileEncoding = 4; lastKnownFileType = file.xib; path = YMLIntervalOverviewViewController.xib; sourceTree = "<group>"; };
		CF97C51C19A7AD0200EBECCB /* YMLPhonationOverviewViewController.h */ = {isa = PBXFileReference; fileEncoding = 4; lastKnownFileType = sourcecode.c.h; path = YMLPhonationOverviewViewController.h; sourceTree = "<group>"; };
		CF97C51D19A7AD0200EBECCB /* YMLPhonationOverviewViewController.m */ = {isa = PBXFileReference; fileEncoding = 4; lastKnownFileType = sourcecode.c.objc; path = YMLPhonationOverviewViewController.m; sourceTree = "<group>"; };
		CF97C51E19A7AD0200EBECCB /* YMLPhonationOverviewViewController.xib */ = {isa = PBXFileReference; fileEncoding = 4; lastKnownFileType = file.xib; path = YMLPhonationOverviewViewController.xib; sourceTree = "<group>"; };
		CF97C52119A7AD1700EBECCB /* YMLSleepQualityOverviewViewController.h */ = {isa = PBXFileReference; fileEncoding = 4; lastKnownFileType = sourcecode.c.h; path = YMLSleepQualityOverviewViewController.h; sourceTree = "<group>"; };
		CF97C52219A7AD1700EBECCB /* YMLSleepQualityOverviewViewController.m */ = {isa = PBXFileReference; fileEncoding = 4; lastKnownFileType = sourcecode.c.objc; path = YMLSleepQualityOverviewViewController.m; sourceTree = "<group>"; };
		CF97C52319A7AD1700EBECCB /* YMLSleepQualityOverviewViewController.xib */ = {isa = PBXFileReference; fileEncoding = 4; lastKnownFileType = file.xib; path = YMLSleepQualityOverviewViewController.xib; sourceTree = "<group>"; };
		CF97C52619A7AD2C00EBECCB /* YMLChangedMedsOverviewViewController.h */ = {isa = PBXFileReference; fileEncoding = 4; lastKnownFileType = sourcecode.c.h; path = YMLChangedMedsOverviewViewController.h; sourceTree = "<group>"; };
		CF97C52719A7AD2C00EBECCB /* YMLChangedMedsOverviewViewController.m */ = {isa = PBXFileReference; fileEncoding = 4; lastKnownFileType = sourcecode.c.objc; path = YMLChangedMedsOverviewViewController.m; sourceTree = "<group>"; };
		CF97C52819A7AD2C00EBECCB /* YMLChangedMedsOverviewViewController.xib */ = {isa = PBXFileReference; fileEncoding = 4; lastKnownFileType = file.xib; path = YMLChangedMedsOverviewViewController.xib; sourceTree = "<group>"; };
		CF97C52B19A7AD4000EBECCB /* YMLTracingOverviewViewController.h */ = {isa = PBXFileReference; fileEncoding = 4; lastKnownFileType = sourcecode.c.h; path = YMLTracingOverviewViewController.h; sourceTree = "<group>"; };
		CF97C52C19A7AD4000EBECCB /* YMLTracingOverviewViewController.m */ = {isa = PBXFileReference; fileEncoding = 4; lastKnownFileType = sourcecode.c.objc; path = YMLTracingOverviewViewController.m; sourceTree = "<group>"; };
		CF97C52D19A7AD4000EBECCB /* YMLTracingOverviewViewController.xib */ = {isa = PBXFileReference; fileEncoding = 4; lastKnownFileType = file.xib; path = YMLTracingOverviewViewController.xib; sourceTree = "<group>"; };
		CF97C53019A7B26300EBECCB /* YMLStepViewController.h */ = {isa = PBXFileReference; fileEncoding = 4; lastKnownFileType = sourcecode.c.h; path = YMLStepViewController.h; sourceTree = "<group>"; };
		CF97C53119A7B26300EBECCB /* YMLStepViewController.m */ = {isa = PBXFileReference; fileEncoding = 4; lastKnownFileType = sourcecode.c.objc; path = YMLStepViewController.m; sourceTree = "<group>"; };
		CFA2ABB519A7C229000DB961 /* HealthKit.framework */ = {isa = PBXFileReference; lastKnownFileType = wrapper.framework; name = HealthKit.framework; path = System/Library/Frameworks/HealthKit.framework; sourceTree = SDKROOT; };
		CFA2ABB719A7C326000DB961 /* ResearchKit.bundle */ = {isa = PBXFileReference; lastKnownFileType = "wrapper.plug-in"; path = ResearchKit.bundle; sourceTree = "<group>"; };
		CFA2ABB819A7C326000DB961 /* ResearchKit.framework */ = {isa = PBXFileReference; lastKnownFileType = wrapper.framework; path = ResearchKit.framework; sourceTree = "<group>"; };
		CFA2ABBB19A7C3A9000DB961 /* CoreData.framework */ = {isa = PBXFileReference; lastKnownFileType = wrapper.framework; name = CoreData.framework; path = System/Library/Frameworks/CoreData.framework; sourceTree = SDKROOT; };
		CFA2ABBD19A7C3C2000DB961 /* Security.framework */ = {isa = PBXFileReference; lastKnownFileType = wrapper.framework; name = Security.framework; path = System/Library/Frameworks/Security.framework; sourceTree = SDKROOT; };
		CFA2ABBF19A7C3EB000DB961 /* AVFoundation.framework */ = {isa = PBXFileReference; lastKnownFileType = wrapper.framework; name = AVFoundation.framework; path = System/Library/Frameworks/AVFoundation.framework; sourceTree = SDKROOT; };
		CFA2ABC119A7C431000DB961 /* libz.dylib */ = {isa = PBXFileReference; lastKnownFileType = "compiled.mach-o.dylib"; name = libz.dylib; path = usr/lib/libz.dylib; sourceTree = SDKROOT; };
		CFA2ABC319A7C446000DB961 /* libarchive.dylib */ = {isa = PBXFileReference; lastKnownFileType = "compiled.mach-o.dylib"; name = libarchive.dylib; path = usr/lib/libarchive.dylib; sourceTree = SDKROOT; };
		CFC2D2D719A5417D00170E69 /* Parkinson.app */ = {isa = PBXFileReference; explicitFileType = wrapper.application; includeInIndex = 0; path = Parkinson.app; sourceTree = BUILT_PRODUCTS_DIR; };
		CFC2D2DB19A5417D00170E69 /* Info.plist */ = {isa = PBXFileReference; lastKnownFileType = text.plist.xml; path = Info.plist; sourceTree = "<group>"; };
		CFC2D2DC19A5417D00170E69 /* main.m */ = {isa = PBXFileReference; lastKnownFileType = sourcecode.c.objc; path = main.m; sourceTree = "<group>"; };
		CFC2D2DE19A5417D00170E69 /* AppDelegate.h */ = {isa = PBXFileReference; lastKnownFileType = sourcecode.c.h; path = AppDelegate.h; sourceTree = "<group>"; };
		CFC2D2DF19A5417D00170E69 /* AppDelegate.m */ = {isa = PBXFileReference; lastKnownFileType = sourcecode.c.objc; path = AppDelegate.m; sourceTree = "<group>"; };
		CFC2D2E119A5417D00170E69 /* YMLActivitiesViewController.h */ = {isa = PBXFileReference; lastKnownFileType = sourcecode.c.h; path = YMLActivitiesViewController.h; sourceTree = "<group>"; };
		CFC2D2E219A5417D00170E69 /* YMLActivitiesViewController.m */ = {isa = PBXFileReference; lastKnownFileType = sourcecode.c.objc; path = YMLActivitiesViewController.m; sourceTree = "<group>"; };
		CFC2D2E519A5417D00170E69 /* Base */ = {isa = PBXFileReference; lastKnownFileType = file.storyboard; name = Base; path = Base.lproj/Main.storyboard; sourceTree = "<group>"; };
		CFC2D2E719A5417D00170E69 /* Images.xcassets */ = {isa = PBXFileReference; lastKnownFileType = folder.assetcatalog; name = Images.xcassets; path = Parkinson/Images.xcassets; sourceTree = "<group>"; };
		CFC2D2ED19A5417D00170E69 /* ParkinsonTests.xctest */ = {isa = PBXFileReference; explicitFileType = wrapper.cfbundle; includeInIndex = 0; path = ParkinsonTests.xctest; sourceTree = BUILT_PRODUCTS_DIR; };
		CFC2D2F219A5417D00170E69 /* Info.plist */ = {isa = PBXFileReference; lastKnownFileType = text.plist.xml; path = Info.plist; sourceTree = "<group>"; };
		CFC2D2F319A5417D00170E69 /* ParkinsonTests.m */ = {isa = PBXFileReference; lastKnownFileType = sourcecode.c.objc; path = ParkinsonTests.m; sourceTree = "<group>"; };
		CFC2D2FD19A54F6100170E69 /* YMLActivitiesTableViewCell.h */ = {isa = PBXFileReference; fileEncoding = 4; lastKnownFileType = sourcecode.c.h; path = YMLActivitiesTableViewCell.h; sourceTree = "<group>"; };
		CFC2D2FE19A54F6100170E69 /* YMLActivitiesTableViewCell.m */ = {isa = PBXFileReference; fileEncoding = 4; lastKnownFileType = sourcecode.c.objc; path = YMLActivitiesTableViewCell.m; sourceTree = "<group>"; };
		CFC2D2FF19A54F6100170E69 /* YMLActivitiesTableViewCell.xib */ = {isa = PBXFileReference; fileEncoding = 4; lastKnownFileType = file.xib; path = YMLActivitiesTableViewCell.xib; sourceTree = "<group>"; };
		CFC2D30219A5509700170E69 /* YMLConfirmationView.h */ = {isa = PBXFileReference; fileEncoding = 4; lastKnownFileType = sourcecode.c.h; path = YMLConfirmationView.h; sourceTree = "<group>"; };
		CFC2D30319A5509700170E69 /* YMLConfirmationView.m */ = {isa = PBXFileReference; fileEncoding = 4; lastKnownFileType = sourcecode.c.objc; path = YMLConfirmationView.m; sourceTree = "<group>"; };
		CFC2D30619A55B8000170E69 /* NSString+CustomMethods.h */ = {isa = PBXFileReference; fileEncoding = 4; lastKnownFileType = sourcecode.c.h; path = "NSString+CustomMethods.h"; sourceTree = "<group>"; };
		CFC2D30719A55B8000170E69 /* NSString+CustomMethods.m */ = {isa = PBXFileReference; fileEncoding = 4; lastKnownFileType = sourcecode.c.objc; path = "NSString+CustomMethods.m"; sourceTree = "<group>"; };
/* End PBXFileReference section */

/* Begin PBXFrameworksBuildPhase section */
		CFC2D2D419A5417D00170E69 /* Frameworks */ = {
			isa = PBXFrameworksBuildPhase;
			buildActionMask = 2147483647;
			files = (
				CFA2ABC419A7C446000DB961 /* libarchive.dylib in Frameworks */,
				CFA2ABC219A7C431000DB961 /* libz.dylib in Frameworks */,
				CFA2ABC019A7C3EB000DB961 /* AVFoundation.framework in Frameworks */,
				CFA2ABBE19A7C3C2000DB961 /* Security.framework in Frameworks */,
				CFA2ABBC19A7C3A9000DB961 /* CoreData.framework in Frameworks */,
				CFA2ABBA19A7C326000DB961 /* ResearchKit.framework in Frameworks */,
				CFA2ABB619A7C229000DB961 /* HealthKit.framework in Frameworks */,
			);
			runOnlyForDeploymentPostprocessing = 0;
		};
		CFC2D2EA19A5417D00170E69 /* Frameworks */ = {
			isa = PBXFrameworksBuildPhase;
			buildActionMask = 2147483647;
			files = (
			);
			runOnlyForDeploymentPostprocessing = 0;
		};
/* End PBXFrameworksBuildPhase section */

/* Begin PBXGroup section */
		CF1BA8F019A56BB000AA27B1 /* Timed Walking Activities */ = {
			isa = PBXGroup;
			children = (
				CF1BA8F219A56C6600AA27B1 /* YMLWalkingOverviewViewController.h */,
				CF1BA8F319A56C6600AA27B1 /* YMLWalkingOverviewViewController.m */,
				CF1BA8F419A56C6600AA27B1 /* YMLWalkingOverviewViewController.xib */,
				CF97C50D19A689CB00EBECCB /* YMLWalkingStepsViewController.h */,
				CF97C50E19A689CB00EBECCB /* YMLWalkingStepsViewController.m */,
				CF97C50F19A689CB00EBECCB /* YMLWalkingStepsViewController.xib */,
				CF97C50819A6751C00EBECCB /* YMLWalkingResultsViewController.h */,
				CF97C50919A6751C00EBECCB /* YMLWalkingResultsViewController.m */,
				CF97C50A19A6751C00EBECCB /* YMLWalkingResultsViewController.xib */,
			);
			name = "Timed Walking Activities";
			sourceTree = "<group>";
		};
		CF1BA8F119A56C0500AA27B1 /* Custom Views */ = {
			isa = PBXGroup;
			children = (
				CFC2D30219A5509700170E69 /* YMLConfirmationView.h */,
				CFC2D30319A5509700170E69 /* YMLConfirmationView.m */,
			);
			name = "Custom Views";
			sourceTree = "<group>";
		};
		CF97C51219A6B1FD00EBECCB /* Interval Tapping */ = {
			isa = PBXGroup;
			children = (
				CF97C51319A6B25200EBECCB /* YMLIntervalOverviewViewController.h */,
				CF97C51419A6B25200EBECCB /* YMLIntervalOverviewViewController.m */,
				CF97C51519A6B25200EBECCB /* YMLIntervalOverviewViewController.xib */,
			);
			name = "Interval Tapping";
			sourceTree = "<group>";
		};
		CF97C51819A7A1BF00EBECCB /* Sustained Phonation */ = {
			isa = PBXGroup;
			children = (
				CF97C51C19A7AD0200EBECCB /* YMLPhonationOverviewViewController.h */,
				CF97C51D19A7AD0200EBECCB /* YMLPhonationOverviewViewController.m */,
				CF97C51E19A7AD0200EBECCB /* YMLPhonationOverviewViewController.xib */,
			);
			name = "Sustained Phonation";
			sourceTree = "<group>";
		};
		CF97C51919A7A1CF00EBECCB /* Sleep Quality */ = {
			isa = PBXGroup;
			children = (
				CF97C52119A7AD1700EBECCB /* YMLSleepQualityOverviewViewController.h */,
				CF97C52219A7AD1700EBECCB /* YMLSleepQualityOverviewViewController.m */,
				CF97C52319A7AD1700EBECCB /* YMLSleepQualityOverviewViewController.xib */,
			);
			name = "Sleep Quality";
			sourceTree = "<group>";
		};
		CF97C51A19A7A20500EBECCB /* Medication Changes */ = {
			isa = PBXGroup;
			children = (
				CF97C52619A7AD2C00EBECCB /* YMLChangedMedsOverviewViewController.h */,
				CF97C52719A7AD2C00EBECCB /* YMLChangedMedsOverviewViewController.m */,
				CF97C52819A7AD2C00EBECCB /* YMLChangedMedsOverviewViewController.xib */,
			);
			name = "Medication Changes";
			sourceTree = "<group>";
		};
		CF97C51B19A7A21300EBECCB /* Tracing Objects */ = {
			isa = PBXGroup;
			children = (
				CF97C52B19A7AD4000EBECCB /* YMLTracingOverviewViewController.h */,
				CF97C52C19A7AD4000EBECCB /* YMLTracingOverviewViewController.m */,
				CF97C52D19A7AD4000EBECCB /* YMLTracingOverviewViewController.xib */,
			);
			name = "Tracing Objects";
			sourceTree = "<group>";
		};
		CFA2ABB419A7C1C1000DB961 /* Frameworks */ = {
			isa = PBXGroup;
			children = (
				CFA2ABC319A7C446000DB961 /* libarchive.dylib */,
				CFA2ABC119A7C431000DB961 /* libz.dylib */,
				CFA2ABBF19A7C3EB000DB961 /* AVFoundation.framework */,
				CFA2ABBD19A7C3C2000DB961 /* Security.framework */,
				CFA2ABBB19A7C3A9000DB961 /* CoreData.framework */,
				CFA2ABB719A7C326000DB961 /* ResearchKit.bundle */,
				CFA2ABB819A7C326000DB961 /* ResearchKit.framework */,
				CFA2ABB519A7C229000DB961 /* HealthKit.framework */,
			);
			name = Frameworks;
			path = Parkinson;
			sourceTree = "<group>";
		};
		CFC2D2CE19A5417D00170E69 = {
			isa = PBXGroup;
			children = (
				CFC2D2D919A5417D00170E69 /* Parkinson */,
				CFC2D2E719A5417D00170E69 /* Images.xcassets */,
				CFA2ABB419A7C1C1000DB961 /* Frameworks */,
				CFC2D2F019A5417D00170E69 /* ParkinsonTests */,
				CFC2D2D819A5417D00170E69 /* Products */,
			);
			sourceTree = "<group>";
		};
		CFC2D2D819A5417D00170E69 /* Products */ = {
			isa = PBXGroup;
			children = (
				CFC2D2D719A5417D00170E69 /* Parkinson.app */,
				CFC2D2ED19A5417D00170E69 /* ParkinsonTests.xctest */,
			);
			name = Products;
			sourceTree = "<group>";
		};
		CFC2D2D919A5417D00170E69 /* Parkinson */ = {
			isa = PBXGroup;
			children = (
				CFC2D2E419A5417D00170E69 /* Main.storyboard */,
				CFC2D2DE19A5417D00170E69 /* AppDelegate.h */,
				CFC2D2DF19A5417D00170E69 /* AppDelegate.m */,
				CFC2D2E119A5417D00170E69 /* YMLActivitiesViewController.h */,
				CFC2D2E219A5417D00170E69 /* YMLActivitiesViewController.m */,
				CFC2D2FD19A54F6100170E69 /* YMLActivitiesTableViewCell.h */,
				CFC2D2FE19A54F6100170E69 /* YMLActivitiesTableViewCell.m */,
				CFC2D2FF19A54F6100170E69 /* YMLActivitiesTableViewCell.xib */,
				CF97C53019A7B26300EBECCB /* YMLStepViewController.h */,
				CF97C53119A7B26300EBECCB /* YMLStepViewController.m */,
				CF1BA8F019A56BB000AA27B1 /* Timed Walking Activities */,
				CF97C51819A7A1BF00EBECCB /* Sustained Phonation */,
				CF97C51919A7A1CF00EBECCB /* Sleep Quality */,
				CF97C51A19A7A20500EBECCB /* Medication Changes */,
				CF97C51219A6B1FD00EBECCB /* Interval Tapping */,
				CF97C51B19A7A21300EBECCB /* Tracing Objects */,
				CF1BA8F119A56C0500AA27B1 /* Custom Views */,
				CFC2D30519A55B0600170E69 /* Categories */,
				CFC2D2DA19A5417D00170E69 /* Supporting Files */,
			);
			path = Parkinson;
			sourceTree = "<group>";
		};
		CFC2D2DA19A5417D00170E69 /* Supporting Files */ = {
			isa = PBXGroup;
			children = (
				CFC2D2DB19A5417D00170E69 /* Info.plist */,
				CFC2D2DC19A5417D00170E69 /* main.m */,
			);
			name = "Supporting Files";
			sourceTree = "<group>";
		};
		CFC2D2F019A5417D00170E69 /* ParkinsonTests */ = {
			isa = PBXGroup;
			children = (
				CFC2D2F319A5417D00170E69 /* ParkinsonTests.m */,
				CFC2D2F119A5417D00170E69 /* Supporting Files */,
			);
			path = ParkinsonTests;
			sourceTree = "<group>";
		};
		CFC2D2F119A5417D00170E69 /* Supporting Files */ = {
			isa = PBXGroup;
			children = (
				CFC2D2F219A5417D00170E69 /* Info.plist */,
			);
			name = "Supporting Files";
			sourceTree = "<group>";
		};
		CFC2D30519A55B0600170E69 /* Categories */ = {
			isa = PBXGroup;
			children = (
				CFC2D30619A55B8000170E69 /* NSString+CustomMethods.h */,
				CFC2D30719A55B8000170E69 /* NSString+CustomMethods.m */,
			);
			name = Categories;
			sourceTree = "<group>";
		};
/* End PBXGroup section */

/* Begin PBXNativeTarget section */
		CFC2D2D619A5417D00170E69 /* Parkinson */ = {
			isa = PBXNativeTarget;
			buildConfigurationList = CFC2D2F719A5417D00170E69 /* Build configuration list for PBXNativeTarget "Parkinson" */;
			buildPhases = (
				CFC2D2D319A5417D00170E69 /* Sources */,
				CFC2D2D419A5417D00170E69 /* Frameworks */,
				CFC2D2D519A5417D00170E69 /* Resources */,
			);
			buildRules = (
			);
			dependencies = (
			);
			name = Parkinson;
			productName = Parkinson;
			productReference = CFC2D2D719A5417D00170E69 /* Parkinson.app */;
			productType = "com.apple.product-type.application";
		};
		CFC2D2EC19A5417D00170E69 /* ParkinsonTests */ = {
			isa = PBXNativeTarget;
			buildConfigurationList = CFC2D2FA19A5417D00170E69 /* Build configuration list for PBXNativeTarget "ParkinsonTests" */;
			buildPhases = (
				CFC2D2E919A5417D00170E69 /* Sources */,
				CFC2D2EA19A5417D00170E69 /* Frameworks */,
				CFC2D2EB19A5417D00170E69 /* Resources */,
			);
			buildRules = (
			);
			dependencies = (
				CFC2D2EF19A5417D00170E69 /* PBXTargetDependency */,
			);
			name = ParkinsonTests;
			productName = ParkinsonTests;
			productReference = CFC2D2ED19A5417D00170E69 /* ParkinsonTests.xctest */;
			productType = "com.apple.product-type.bundle.unit-test";
		};
/* End PBXNativeTarget section */

/* Begin PBXProject section */
		CFC2D2CF19A5417D00170E69 /* Project object */ = {
			isa = PBXProject;
			attributes = {
				LastUpgradeCheck = 0600;
				ORGANIZATIONNAME = "Henry McGilton";
				TargetAttributes = {
					CFC2D2D619A5417D00170E69 = {
						CreatedOnToolsVersion = 6.0;
					};
					CFC2D2EC19A5417D00170E69 = {
						CreatedOnToolsVersion = 6.0;
						TestTargetID = CFC2D2D619A5417D00170E69;
					};
				};
			};
			buildConfigurationList = CFC2D2D219A5417D00170E69 /* Build configuration list for PBXProject "Parkinson" */;
			compatibilityVersion = "Xcode 3.2";
			developmentRegion = English;
			hasScannedForEncodings = 0;
			knownRegions = (
				en,
				Base,
			);
			mainGroup = CFC2D2CE19A5417D00170E69;
			productRefGroup = CFC2D2D819A5417D00170E69 /* Products */;
			projectDirPath = "";
			projectRoot = "";
			targets = (
				CFC2D2D619A5417D00170E69 /* Parkinson */,
				CFC2D2EC19A5417D00170E69 /* ParkinsonTests */,
			);
		};
/* End PBXProject section */

/* Begin PBXResourcesBuildPhase section */
		CFC2D2D519A5417D00170E69 /* Resources */ = {
			isa = PBXResourcesBuildPhase;
			buildActionMask = 2147483647;
			files = (
				CF97C51719A6B25200EBECCB /* YMLIntervalOverviewViewController.xib in Resources */,
				CFC2D2E619A5417D00170E69 /* Main.storyboard in Resources */,
				CF97C51119A689CB00EBECCB /* YMLWalkingStepsViewController.xib in Resources */,
				CFA2ABB919A7C326000DB961 /* ResearchKit.bundle in Resources */,
				CF97C52519A7AD1700EBECCB /* YMLSleepQualityOverviewViewController.xib in Resources */,
				CF97C52A19A7AD2C00EBECCB /* YMLChangedMedsOverviewViewController.xib in Resources */,
				CFC2D30119A54F6100170E69 /* YMLActivitiesTableViewCell.xib in Resources */,
				CF97C50C19A6751C00EBECCB /* YMLWalkingResultsViewController.xib in Resources */,
				CF1BA8F619A56C6600AA27B1 /* YMLWalkingOverviewViewController.xib in Resources */,
				CFC2D2E819A5417D00170E69 /* Images.xcassets in Resources */,
				CF97C52019A7AD0200EBECCB /* YMLPhonationOverviewViewController.xib in Resources */,
				CF97C52F19A7AD4000EBECCB /* YMLTracingOverviewViewController.xib in Resources */,
			);
			runOnlyForDeploymentPostprocessing = 0;
		};
		CFC2D2EB19A5417D00170E69 /* Resources */ = {
			isa = PBXResourcesBuildPhase;
			buildActionMask = 2147483647;
			files = (
			);
			runOnlyForDeploymentPostprocessing = 0;
		};
/* End PBXResourcesBuildPhase section */

/* Begin PBXSourcesBuildPhase section */
		CFC2D2D319A5417D00170E69 /* Sources */ = {
			isa = PBXSourcesBuildPhase;
			buildActionMask = 2147483647;
			files = (
				CF97C50B19A6751C00EBECCB /* YMLWalkingResultsViewController.m in Sources */,
				CF97C51F19A7AD0200EBECCB /* YMLPhonationOverviewViewController.m in Sources */,
				CF1BA8F519A56C6600AA27B1 /* YMLWalkingOverviewViewController.m in Sources */,
				CFC2D2E319A5417D00170E69 /* YMLActivitiesViewController.m in Sources */,
				CF97C52419A7AD1700EBECCB /* YMLSleepQualityOverviewViewController.m in Sources */,
				CFC2D30819A55B8000170E69 /* NSString+CustomMethods.m in Sources */,
				CFC2D30019A54F6100170E69 /* YMLActivitiesTableViewCell.m in Sources */,
				CF97C52E19A7AD4000EBECCB /* YMLTracingOverviewViewController.m in Sources */,
				CF97C53219A7B26300EBECCB /* YMLStepViewController.m in Sources */,
				CFC2D2E019A5417D00170E69 /* AppDelegate.m in Sources */,
				CFC2D2DD19A5417D00170E69 /* main.m in Sources */,
				CF97C51619A6B25200EBECCB /* YMLIntervalOverviewViewController.m in Sources */,
				CFC2D30419A5509700170E69 /* YMLConfirmationView.m in Sources */,
				CF97C51019A689CB00EBECCB /* YMLWalkingStepsViewController.m in Sources */,
				CF97C52919A7AD2C00EBECCB /* YMLChangedMedsOverviewViewController.m in Sources */,
			);
			runOnlyForDeploymentPostprocessing = 0;
		};
		CFC2D2E919A5417D00170E69 /* Sources */ = {
			isa = PBXSourcesBuildPhase;
			buildActionMask = 2147483647;
			files = (
				CFC2D2F419A5417D00170E69 /* ParkinsonTests.m in Sources */,
			);
			runOnlyForDeploymentPostprocessing = 0;
		};
/* End PBXSourcesBuildPhase section */

/* Begin PBXTargetDependency section */
		CFC2D2EF19A5417D00170E69 /* PBXTargetDependency */ = {
			isa = PBXTargetDependency;
			target = CFC2D2D619A5417D00170E69 /* Parkinson */;
			targetProxy = CFC2D2EE19A5417D00170E69 /* PBXContainerItemProxy */;
		};
/* End PBXTargetDependency section */

/* Begin PBXVariantGroup section */
		CFC2D2E419A5417D00170E69 /* Main.storyboard */ = {
			isa = PBXVariantGroup;
			children = (
				CFC2D2E519A5417D00170E69 /* Base */,
			);
			name = Main.storyboard;
			sourceTree = "<group>";
		};
/* End PBXVariantGroup section */

/* Begin XCBuildConfiguration section */
		CFC2D2F519A5417D00170E69 /* Debug */ = {
			isa = XCBuildConfiguration;
			buildSettings = {
				ALWAYS_SEARCH_USER_PATHS = NO;
				CLANG_CXX_LANGUAGE_STANDARD = "gnu++0x";
				CLANG_CXX_LIBRARY = "libc++";
				CLANG_ENABLE_MODULES = YES;
				CLANG_ENABLE_OBJC_ARC = YES;
				CLANG_WARN_BOOL_CONVERSION = YES;
				CLANG_WARN_CONSTANT_CONVERSION = YES;
				CLANG_WARN_DIRECT_OBJC_ISA_USAGE = YES_ERROR;
				CLANG_WARN_EMPTY_BODY = YES;
				CLANG_WARN_ENUM_CONVERSION = YES;
				CLANG_WARN_INT_CONVERSION = YES;
				CLANG_WARN_OBJC_ROOT_CLASS = YES_ERROR;
				CLANG_WARN_UNREACHABLE_CODE = YES;
				CLANG_WARN__DUPLICATE_METHOD_MATCH = YES;
				"CODE_SIGN_IDENTITY[sdk=iphoneos*]" = "iPhone Developer";
				COPY_PHASE_STRIP = NO;
				ENABLE_STRICT_OBJC_MSGSEND = YES;
				GCC_C_LANGUAGE_STANDARD = gnu99;
				GCC_DYNAMIC_NO_PIC = NO;
				GCC_OPTIMIZATION_LEVEL = 0;
				GCC_PREPROCESSOR_DEFINITIONS = (
					"DEBUG=1",
					"$(inherited)",
				);
				GCC_SYMBOLS_PRIVATE_EXTERN = NO;
				GCC_WARN_64_TO_32_BIT_CONVERSION = YES;
				GCC_WARN_ABOUT_RETURN_TYPE = YES_ERROR;
				GCC_WARN_UNDECLARED_SELECTOR = YES;
				GCC_WARN_UNINITIALIZED_AUTOS = YES_AGGRESSIVE;
				GCC_WARN_UNUSED_FUNCTION = YES;
				GCC_WARN_UNUSED_VARIABLE = YES;
				IPHONEOS_DEPLOYMENT_TARGET = 8.0;
				MTL_ENABLE_DEBUG_INFO = YES;
				ONLY_ACTIVE_ARCH = YES;
				SDKROOT = iphoneos;
			};
			name = Debug;
		};
		CFC2D2F619A5417D00170E69 /* Release */ = {
			isa = XCBuildConfiguration;
			buildSettings = {
				ALWAYS_SEARCH_USER_PATHS = NO;
				CLANG_CXX_LANGUAGE_STANDARD = "gnu++0x";
				CLANG_CXX_LIBRARY = "libc++";
				CLANG_ENABLE_MODULES = YES;
				CLANG_ENABLE_OBJC_ARC = YES;
				CLANG_WARN_BOOL_CONVERSION = YES;
				CLANG_WARN_CONSTANT_CONVERSION = YES;
				CLANG_WARN_DIRECT_OBJC_ISA_USAGE = YES_ERROR;
				CLANG_WARN_EMPTY_BODY = YES;
				CLANG_WARN_ENUM_CONVERSION = YES;
				CLANG_WARN_INT_CONVERSION = YES;
				CLANG_WARN_OBJC_ROOT_CLASS = YES_ERROR;
				CLANG_WARN_UNREACHABLE_CODE = YES;
				CLANG_WARN__DUPLICATE_METHOD_MATCH = YES;
				"CODE_SIGN_IDENTITY[sdk=iphoneos*]" = "iPhone Developer";
				COPY_PHASE_STRIP = YES;
				ENABLE_NS_ASSERTIONS = NO;
				ENABLE_STRICT_OBJC_MSGSEND = YES;
				GCC_C_LANGUAGE_STANDARD = gnu99;
				GCC_WARN_64_TO_32_BIT_CONVERSION = YES;
				GCC_WARN_ABOUT_RETURN_TYPE = YES_ERROR;
				GCC_WARN_UNDECLARED_SELECTOR = YES;
				GCC_WARN_UNINITIALIZED_AUTOS = YES_AGGRESSIVE;
				GCC_WARN_UNUSED_FUNCTION = YES;
				GCC_WARN_UNUSED_VARIABLE = YES;
				IPHONEOS_DEPLOYMENT_TARGET = 8.0;
				MTL_ENABLE_DEBUG_INFO = NO;
				SDKROOT = iphoneos;
				VALIDATE_PRODUCT = YES;
			};
			name = Release;
		};
		CFC2D2F819A5417D00170E69 /* Debug */ = {
			isa = XCBuildConfiguration;
			buildSettings = {
				ASSETCATALOG_COMPILER_APPICON_NAME = AppIcon;
				ASSETCATALOG_COMPILER_LAUNCHIMAGE_NAME = LaunchImage;
				FRAMEWORK_SEARCH_PATHS = (
					"$(inherited)",
					"$(PROJECT_DIR)/Parkinson",
				);
				INFOPLIST_FILE = Parkinson/Info.plist;
				LD_RUNPATH_SEARCH_PATHS = "$(inherited) @executable_path/Frameworks";
				PRODUCT_NAME = "$(TARGET_NAME)";
			};
			name = Debug;
		};
		CFC2D2F919A5417D00170E69 /* Release */ = {
			isa = XCBuildConfiguration;
			buildSettings = {
				ASSETCATALOG_COMPILER_APPICON_NAME = AppIcon;
				ASSETCATALOG_COMPILER_LAUNCHIMAGE_NAME = LaunchImage;
				FRAMEWORK_SEARCH_PATHS = (
					"$(inherited)",
					"$(PROJECT_DIR)/Parkinson",
				);
				INFOPLIST_FILE = Parkinson/Info.plist;
				LD_RUNPATH_SEARCH_PATHS = "$(inherited) @executable_path/Frameworks";
				PRODUCT_NAME = "$(TARGET_NAME)";
			};
			name = Release;
		};
		CFC2D2FB19A5417D00170E69 /* Debug */ = {
			isa = XCBuildConfiguration;
			buildSettings = {
				BUNDLE_LOADER = "$(TEST_HOST)";
				FRAMEWORK_SEARCH_PATHS = (
					"$(SDKROOT)/Developer/Library/Frameworks",
					"$(inherited)",
				);
				GCC_PREPROCESSOR_DEFINITIONS = (
					"DEBUG=1",
					"$(inherited)",
				);
				INFOPLIST_FILE = ParkinsonTests/Info.plist;
				LD_RUNPATH_SEARCH_PATHS = "$(inherited) @executable_path/Frameworks @loader_path/Frameworks";
				PRODUCT_NAME = "$(TARGET_NAME)";
				TEST_HOST = "$(BUILT_PRODUCTS_DIR)/Parkinson.app/Parkinson";
			};
			name = Debug;
		};
		CFC2D2FC19A5417D00170E69 /* Release */ = {
			isa = XCBuildConfiguration;
			buildSettings = {
				BUNDLE_LOADER = "$(TEST_HOST)";
				FRAMEWORK_SEARCH_PATHS = (
					"$(SDKROOT)/Developer/Library/Frameworks",
					"$(inherited)",
				);
				INFOPLIST_FILE = ParkinsonTests/Info.plist;
				LD_RUNPATH_SEARCH_PATHS = "$(inherited) @executable_path/Frameworks @loader_path/Frameworks";
				PRODUCT_NAME = "$(TARGET_NAME)";
				TEST_HOST = "$(BUILT_PRODUCTS_DIR)/Parkinson.app/Parkinson";
			};
			name = Release;
		};
/* End XCBuildConfiguration section */

/* Begin XCConfigurationList section */
		CFC2D2D219A5417D00170E69 /* Build configuration list for PBXProject "Parkinson" */ = {
			isa = XCConfigurationList;
			buildConfigurations = (
				CFC2D2F519A5417D00170E69 /* Debug */,
				CFC2D2F619A5417D00170E69 /* Release */,
			);
			defaultConfigurationIsVisible = 0;
			defaultConfigurationName = Release;
		};
		CFC2D2F719A5417D00170E69 /* Build configuration list for PBXNativeTarget "Parkinson" */ = {
			isa = XCConfigurationList;
			buildConfigurations = (
				CFC2D2F819A5417D00170E69 /* Debug */,
				CFC2D2F919A5417D00170E69 /* Release */,
			);
			defaultConfigurationIsVisible = 0;
			defaultConfigurationName = Release;
		};
		CFC2D2FA19A5417D00170E69 /* Build configuration list for PBXNativeTarget "ParkinsonTests" */ = {
			isa = XCConfigurationList;
			buildConfigurations = (
				CFC2D2FB19A5417D00170E69 /* Debug */,
				CFC2D2FC19A5417D00170E69 /* Release */,
			);
			defaultConfigurationIsVisible = 0;
			defaultConfigurationName = Release;
		};
/* End XCConfigurationList section */
	};
	rootObject = CFC2D2CF19A5417D00170E69 /* Project object */;
}
