// !$*UTF8*$!
{
	archiveVersion = 1;
	classes = {
	};
	objectVersion = 46;
	objects = {

/* Begin PBXBuildFile section */
		CFA2ABBC19A7C3A9000DB961 /* CoreData.framework in Frameworks */ = {isa = PBXBuildFile; fileRef = CFA2ABBB19A7C3A9000DB961 /* CoreData.framework */; };
		CFA2ABBE19A7C3C2000DB961 /* Security.framework in Frameworks */ = {isa = PBXBuildFile; fileRef = CFA2ABBD19A7C3C2000DB961 /* Security.framework */; };
		CFA2ABC019A7C3EB000DB961 /* AVFoundation.framework in Frameworks */ = {isa = PBXBuildFile; fileRef = CFA2ABBF19A7C3EB000DB961 /* AVFoundation.framework */; };
		CFC2D2DD19A5417D00170E69 /* main.m in Sources */ = {isa = PBXBuildFile; fileRef = CFC2D2DC19A5417D00170E69 /* main.m */; };
		CFC2D2E819A5417D00170E69 /* Images.xcassets in Resources */ = {isa = PBXBuildFile; fileRef = CFC2D2E719A5417D00170E69 /* Images.xcassets */; };
		F5017E5119D1FC9500AC1F37 /* APHLearn.storyboard in Resources */ = {isa = PBXBuildFile; fileRef = F5017E5019D1FC9500AC1F37 /* APHLearn.storyboard */; };
		F5017E5319D1FCA400AC1F37 /* APHDashboard.storyboard in Resources */ = {isa = PBXBuildFile; fileRef = F5017E5219D1FCA400AC1F37 /* APHDashboard.storyboard */; };
		F5017E5519D1FCB200AC1F37 /* APHActivities.storyboard in Resources */ = {isa = PBXBuildFile; fileRef = F5017E5419D1FCB200AC1F37 /* APHActivities.storyboard */; };
		F5017E5719D1FCF300AC1F37 /* APHHealthProfile.storyboard in Resources */ = {isa = PBXBuildFile; fileRef = F5017E5619D1FCF300AC1F37 /* APHHealthProfile.storyboard */; };
		F5C1DC2019D22E6F006527EA /* Main.storyboard in Resources */ = {isa = PBXBuildFile; fileRef = F5C1DC1F19D22E6F006527EA /* Main.storyboard */; };
		F5D14E3E19CC98FD00650FBB /* intro.m4v in Resources */ = {isa = PBXBuildFile; fileRef = F5D14E3D19CC98FD00650FBB /* intro.m4v */; };
		F5D14E4319CC991500650FBB /* APHTasksAndSchedules.json in Resources */ = {isa = PBXBuildFile; fileRef = F5D14E4019CC991500650FBB /* APHTasksAndSchedules.json */; };
		F5D14E4419CC991500650FBB /* JSON_READ_ME in Resources */ = {isa = PBXBuildFile; fileRef = F5D14E4119CC991500650FBB /* JSON_READ_ME */; };
		F5D14E4519CC991500650FBB /* sleepSurvey.json in Resources */ = {isa = PBXBuildFile; fileRef = F5D14E4219CC991500650FBB /* sleepSurvey.json */; };
		F5D14E8719CC9B8100650FBB /* APHIntroVideoViewController.m in Sources */ = {isa = PBXBuildFile; fileRef = F5D14E7919CC9B8100650FBB /* APHIntroVideoViewController.m */; };
		F5D14E8819CC9B8100650FBB /* APHSignInViewController.m in Sources */ = {isa = PBXBuildFile; fileRef = F5D14E7B19CC9B8100650FBB /* APHSignInViewController.m */; };
		F5D14E8919CC9B8100650FBB /* APHSignUpGeneralInfoViewController.m in Sources */ = {isa = PBXBuildFile; fileRef = F5D14E7D19CC9B8100650FBB /* APHSignUpGeneralInfoViewController.m */; };
		F5D14E8A19CC9B8100650FBB /* APHSignUpMedicalInfoViewController.m in Sources */ = {isa = PBXBuildFile; fileRef = F5D14E7F19CC9B8100650FBB /* APHSignUpMedicalInfoViewController.m */; };
		F5D14E8B19CC9B8100650FBB /* APHSignupOptionsViewController.m in Sources */ = {isa = PBXBuildFile; fileRef = F5D14E8119CC9B8100650FBB /* APHSignupOptionsViewController.m */; };
		F5D14E8C19CC9B8100650FBB /* APHSignupOptionsViewController.xib in Resources */ = {isa = PBXBuildFile; fileRef = F5D14E8219CC9B8100650FBB /* APHSignupOptionsViewController.xib */; };
		F5D14E8D19CC9B8100650FBB /* APHUserInfoCell.m in Sources */ = {isa = PBXBuildFile; fileRef = F5D14E8419CC9B8100650FBB /* APHUserInfoCell.m */; };
		F5D14EBC19CC9B9100650FBB /* APHActivitiesViewController.m in Sources */ = {isa = PBXBuildFile; fileRef = F5D14E9519CC9B9100650FBB /* APHActivitiesViewController.m */; };
		F5D14EBD19CC9B9100650FBB /* APHEditSectionsViewController.m in Sources */ = {isa = PBXBuildFile; fileRef = F5D14E9819CC9B9100650FBB /* APHEditSectionsViewController.m */; };
		F5D14EBE19CC9B9100650FBB /* APHEditSectionsViewController.xib in Resources */ = {isa = PBXBuildFile; fileRef = F5D14E9919CC9B9100650FBB /* APHEditSectionsViewController.xib */; };
		F5D14EBF19CC9B9100650FBB /* APHDashboardViewController.m in Sources */ = {isa = PBXBuildFile; fileRef = F5D14E9B19CC9B9100650FBB /* APHDashboardViewController.m */; };
		F5D14EC019CC9B9100650FBB /* APHDashboardGraphViewCell.m in Sources */ = {isa = PBXBuildFile; fileRef = F5D14E9E19CC9B9100650FBB /* APHDashboardGraphViewCell.m */; };
		F5D14EC219CC9B9100650FBB /* APHDashboardMessageViewCell.m in Sources */ = {isa = PBXBuildFile; fileRef = F5D14EA119CC9B9100650FBB /* APHDashboardMessageViewCell.m */; };
		F5D14EC419CC9B9100650FBB /* APHDashboardProgressViewCell.m in Sources */ = {isa = PBXBuildFile; fileRef = F5D14EA419CC9B9100650FBB /* APHDashboardProgressViewCell.m */; };
		F5D14EC619CC9B9100650FBB /* APHLearnDetailViewController.m in Sources */ = {isa = PBXBuildFile; fileRef = F5D14EA819CC9B9100650FBB /* APHLearnDetailViewController.m */; };
		F5D14EC719CC9B9100650FBB /* APHLearnDetailViewController.xib in Resources */ = {isa = PBXBuildFile; fileRef = F5D14EA919CC9B9100650FBB /* APHLearnDetailViewController.xib */; };
		F5D14EC819CC9B9100650FBB /* APHLearnMasterViewController.m in Sources */ = {isa = PBXBuildFile; fileRef = F5D14EAB19CC9B9100650FBB /* APHLearnMasterViewController.m */; };
		F5D14EC919CC9B9100650FBB /* APHLearnDetailViewCell.m in Sources */ = {isa = PBXBuildFile; fileRef = F5D14EAE19CC9B9100650FBB /* APHLearnDetailViewCell.m */; };
		F5D14ECA19CC9B9100650FBB /* APHLearnDetailViewCell.xib in Resources */ = {isa = PBXBuildFile; fileRef = F5D14EAF19CC9B9100650FBB /* APHLearnDetailViewCell.xib */; };
		F5D14ECB19CC9B9100650FBB /* APHLearnMasterTableViewCell.m in Sources */ = {isa = PBXBuildFile; fileRef = F5D14EB119CC9B9100650FBB /* APHLearnMasterTableViewCell.m */; };
		F5D14ECD19CC9B9100650FBB /* APHLearnResourceViewCell.m in Sources */ = {isa = PBXBuildFile; fileRef = F5D14EB419CC9B9100650FBB /* APHLearnResourceViewCell.m */; };
		F5D14ECF19CC9B9100650FBB /* APHSettingsTableFooterView.xib in Resources */ = {isa = PBXBuildFile; fileRef = F5D14EB719CC9B9100650FBB /* APHSettingsTableFooterView.xib */; };
		F5D14ED019CC9B9100650FBB /* APHSettingsViewController.m in Sources */ = {isa = PBXBuildFile; fileRef = F5D14EB919CC9B9100650FBB /* APHSettingsViewController.m */; };
		F5D14EDC19CC9BA700650FBB /* NSString+CustomMethods.m in Sources */ = {isa = PBXBuildFile; fileRef = F5D14ED419CC9BA700650FBB /* NSString+CustomMethods.m */; };
		F5D14EDD19CC9BA700650FBB /* RKStep+Description.m in Sources */ = {isa = PBXBuildFile; fileRef = F5D14ED619CC9BA700650FBB /* RKStep+Description.m */; };
		F5D14EDE19CC9BA700650FBB /* UIColor+Parkinson.m in Sources */ = {isa = PBXBuildFile; fileRef = F5D14ED819CC9BA700650FBB /* UIColor+Parkinson.m */; };
		F5D14F1B19CC9BC900650FBB /* APHCustomRecorder.m in Sources */ = {isa = PBXBuildFile; fileRef = F5D14EE719CC9BC900650FBB /* APHCustomRecorder.m */; };
		F5D14F1C19CC9BC900650FBB /* APHIntervalTappingIntroViewController.m in Sources */ = {isa = PBXBuildFile; fileRef = F5D14EE919CC9BC900650FBB /* APHIntervalTappingIntroViewController.m */; };
		F5D14F1D19CC9BC900650FBB /* APHIntervalTappingIntroViewController.xib in Resources */ = {isa = PBXBuildFile; fileRef = F5D14EEA19CC9BC900650FBB /* APHIntervalTappingIntroViewController.xib */; };
		F5D14F1E19CC9BC900650FBB /* APHIntervalTappingResultsViewController.m in Sources */ = {isa = PBXBuildFile; fileRef = F5D14EEC19CC9BC900650FBB /* APHIntervalTappingResultsViewController.m */; };
		F5D14F1F19CC9BC900650FBB /* APHIntervalTappingResultsViewController.xib in Resources */ = {isa = PBXBuildFile; fileRef = F5D14EED19CC9BC900650FBB /* APHIntervalTappingResultsViewController.xib */; };
		F5D14F2019CC9BC900650FBB /* APHIntervalTappingStepsViewController.m in Sources */ = {isa = PBXBuildFile; fileRef = F5D14EEF19CC9BC900650FBB /* APHIntervalTappingStepsViewController.m */; };
		F5D14F2119CC9BC900650FBB /* APHIntervalTappingStepsViewController.xib in Resources */ = {isa = PBXBuildFile; fileRef = F5D14EF019CC9BC900650FBB /* APHIntervalTappingStepsViewController.xib */; };
		F5D14F2219CC9BC900650FBB /* APHIntervalTappingTapView.m in Sources */ = {isa = PBXBuildFile; fileRef = F5D14EF219CC9BC900650FBB /* APHIntervalTappingTapView.m */; };
		F5D14F2319CC9BC900650FBB /* APHIntervalTappingTaskViewController.m in Sources */ = {isa = PBXBuildFile; fileRef = F5D14EF419CC9BC900650FBB /* APHIntervalTappingTaskViewController.m */; };
		F5D14F2419CC9BC900650FBB /* APHChangedMedsOverviewViewController.m in Sources */ = {isa = PBXBuildFile; fileRef = F5D14EF719CC9BC900650FBB /* APHChangedMedsOverviewViewController.m */; };
		F5D14F2519CC9BC900650FBB /* APHChangedMedsOverviewViewController.xib in Resources */ = {isa = PBXBuildFile; fileRef = F5D14EF819CC9BC900650FBB /* APHChangedMedsOverviewViewController.xib */; };
		F5D14F2619CC9BC900650FBB /* APHChangedMedsTaskViewController.m in Sources */ = {isa = PBXBuildFile; fileRef = F5D14EFA19CC9BC900650FBB /* APHChangedMedsTaskViewController.m */; };
		F5D14F2719CC9BC900650FBB /* APHPhonationTaskViewController.m in Sources */ = {isa = PBXBuildFile; fileRef = F5D14EFD19CC9BC900650FBB /* APHPhonationTaskViewController.m */; };
		F5D14F2819CC9BC900650FBB /* APHSleepQualityOverviewViewController.m in Sources */ = {isa = PBXBuildFile; fileRef = F5D14F0019CC9BC900650FBB /* APHSleepQualityOverviewViewController.m */; };
		F5D14F2919CC9BC900650FBB /* APHSleepQualityOverviewViewController.xib in Resources */ = {isa = PBXBuildFile; fileRef = F5D14F0119CC9BC900650FBB /* APHSleepQualityOverviewViewController.xib */; };
		F5D14F2A19CC9BC900650FBB /* APHSleepQualityTaskViewController.m in Sources */ = {isa = PBXBuildFile; fileRef = F5D14F0319CC9BC900650FBB /* APHSleepQualityTaskViewController.m */; };
		F5D14F2B19CC9BC900650FBB /* APHSpecialSurveyTaskViewController.m in Sources */ = {isa = PBXBuildFile; fileRef = F5D14F0619CC9BC900650FBB /* APHSpecialSurveyTaskViewController.m */; };
		F5D14F2C19CC9BC900650FBB /* APHTracingObjectsOverviewViewController.m in Sources */ = {isa = PBXBuildFile; fileRef = F5D14F0919CC9BC900650FBB /* APHTracingObjectsOverviewViewController.m */; };
		F5D14F2D19CC9BC900650FBB /* APHTracingObjectsOverviewViewController.xib in Resources */ = {isa = PBXBuildFile; fileRef = F5D14F0A19CC9BC900650FBB /* APHTracingObjectsOverviewViewController.xib */; };
		F5D14F2E19CC9BC900650FBB /* APHTracingObjectsTaskViewController.m in Sources */ = {isa = PBXBuildFile; fileRef = F5D14F0C19CC9BC900650FBB /* APHTracingObjectsTaskViewController.m */; };
		F5D14F2F19CC9BC900650FBB /* APHWalkingOverviewViewController.m in Sources */ = {isa = PBXBuildFile; fileRef = F5D14F0F19CC9BC900650FBB /* APHWalkingOverviewViewController.m */; };
		F5D14F3019CC9BC900650FBB /* APHWalkingOverviewViewController.xib in Resources */ = {isa = PBXBuildFile; fileRef = F5D14F1019CC9BC900650FBB /* APHWalkingOverviewViewController.xib */; };
		F5D14F3119CC9BC900650FBB /* APHWalkingResultsViewController.m in Sources */ = {isa = PBXBuildFile; fileRef = F5D14F1219CC9BC900650FBB /* APHWalkingResultsViewController.m */; };
		F5D14F3219CC9BC900650FBB /* APHWalkingResultsViewController.xib in Resources */ = {isa = PBXBuildFile; fileRef = F5D14F1319CC9BC900650FBB /* APHWalkingResultsViewController.xib */; };
		F5D14F3319CC9BC900650FBB /* APHWalkingStepsViewController.m in Sources */ = {isa = PBXBuildFile; fileRef = F5D14F1519CC9BC900650FBB /* APHWalkingStepsViewController.m */; };
		F5D14F3419CC9BC900650FBB /* APHWalkingStepsViewController.xib in Resources */ = {isa = PBXBuildFile; fileRef = F5D14F1619CC9BC900650FBB /* APHWalkingStepsViewController.xib */; };
		F5D14F3519CC9BC900650FBB /* APHWalkingTaskViewController.m in Sources */ = {isa = PBXBuildFile; fileRef = F5D14F1819CC9BC900650FBB /* APHWalkingTaskViewController.m */; };
		F5D14F3919CC9C0000650FBB /* APHParkinsonAppDelegate.m in Sources */ = {isa = PBXBuildFile; fileRef = F5D14F3819CC9C0000650FBB /* APHParkinsonAppDelegate.m */; };
		F5D7488C19D1F75600EEB7DE /* ResearchKit.framework in Frameworks */ = {isa = PBXBuildFile; fileRef = F5D7488B19D1F75600EEB7DE /* ResearchKit.framework */; };
		F5D7488E19D1F76B00EEB7DE /* libarchive.dylib in Frameworks */ = {isa = PBXBuildFile; fileRef = F5D7488D19D1F76B00EEB7DE /* libarchive.dylib */; };
		F5D7489019D1F77800EEB7DE /* libz.dylib in Frameworks */ = {isa = PBXBuildFile; fileRef = F5D7488F19D1F77800EEB7DE /* libz.dylib */; };
		F5D7489219D1F77F00EEB7DE /* libbz2.dylib in Frameworks */ = {isa = PBXBuildFile; fileRef = F5D7489119D1F77F00EEB7DE /* libbz2.dylib */; };
		F5DCAD3E19D088330096DEC0 /* LaunchScreen.xib in Resources */ = {isa = PBXBuildFile; fileRef = F5DCAD3D19D088330096DEC0 /* LaunchScreen.xib */; };
		F5F32C7C19D0D4C1007F9015 /* HealthKit.framework in Frameworks */ = {isa = PBXBuildFile; fileRef = CFA2ABB519A7C229000DB961 /* HealthKit.framework */; };
		F5F6454719D35D80004CFBB2 /* APCAppleCore.framework in Frameworks */ = {isa = PBXBuildFile; fileRef = F5B4211919D23A1200F9CD69 /* APCAppleCore.framework */; };
		F5F6454819D35D80004CFBB2 /* APCAppleCore.framework in CopyFiles */ = {isa = PBXBuildFile; fileRef = F5B4211919D23A1200F9CD69 /* APCAppleCore.framework */; settings = {ATTRIBUTES = (CodeSignOnCopy, RemoveHeadersOnCopy, ); }; };
/* End PBXBuildFile section */

/* Begin PBXContainerItemProxy section */
		F5B4211819D23A1200F9CD69 /* PBXContainerItemProxy */ = {
			isa = PBXContainerItemProxy;
			containerPortal = F5B4211219D23A1200F9CD69 /* APCAppleCore.xcodeproj */;
			proxyType = 2;
			remoteGlobalIDString = F5DAB552199EBFF6008E4A8E;
			remoteInfo = APCAppleCore;
		};
		F5B4211A19D23A1200F9CD69 /* PBXContainerItemProxy */ = {
			isa = PBXContainerItemProxy;
			containerPortal = F5B4211219D23A1200F9CD69 /* APCAppleCore.xcodeproj */;
			proxyType = 2;
			remoteGlobalIDString = F5DAB55D199EBFF6008E4A8E;
			remoteInfo = APCAppleCoreTests;
		};
		F5F6454319D35D66004CFBB2 /* PBXContainerItemProxy */ = {
			isa = PBXContainerItemProxy;
			containerPortal = F5B4211219D23A1200F9CD69 /* APCAppleCore.xcodeproj */;
			proxyType = 1;
			remoteGlobalIDString = F5179B2819D09128001DCCB7;
			remoteInfo = APCAppleCore;
		};
		F5F6454919D35D80004CFBB2 /* PBXContainerItemProxy */ = {
			isa = PBXContainerItemProxy;
			containerPortal = F5B4211219D23A1200F9CD69 /* APCAppleCore.xcodeproj */;
			proxyType = 1;
			remoteGlobalIDString = F5179B2819D09128001DCCB7;
			remoteInfo = APCAppleCore;
		};
/* End PBXContainerItemProxy section */

/* Begin PBXCopyFilesBuildPhase section */
		F5B2B88619D22C08007557A6 /* CopyFiles */ = {
			isa = PBXCopyFilesBuildPhase;
			buildActionMask = 2147483647;
			dstPath = "";
			dstSubfolderSpec = 10;
			files = (
				F5F6454819D35D80004CFBB2 /* APCAppleCore.framework in CopyFiles */,
			);
			runOnlyForDeploymentPostprocessing = 0;
		};
/* End PBXCopyFilesBuildPhase section */

/* Begin PBXFileReference section */
		CFA2ABB519A7C229000DB961 /* HealthKit.framework */ = {isa = PBXFileReference; lastKnownFileType = wrapper.framework; name = HealthKit.framework; path = System/Library/Frameworks/HealthKit.framework; sourceTree = SDKROOT; };
		CFA2ABBB19A7C3A9000DB961 /* CoreData.framework */ = {isa = PBXFileReference; lastKnownFileType = wrapper.framework; name = CoreData.framework; path = System/Library/Frameworks/CoreData.framework; sourceTree = SDKROOT; };
		CFA2ABBD19A7C3C2000DB961 /* Security.framework */ = {isa = PBXFileReference; lastKnownFileType = wrapper.framework; name = Security.framework; path = System/Library/Frameworks/Security.framework; sourceTree = SDKROOT; };
		CFA2ABBF19A7C3EB000DB961 /* AVFoundation.framework */ = {isa = PBXFileReference; lastKnownFileType = wrapper.framework; name = AVFoundation.framework; path = System/Library/Frameworks/AVFoundation.framework; sourceTree = SDKROOT; };
		CFC2D2D719A5417D00170E69 /* Parkinson.app */ = {isa = PBXFileReference; explicitFileType = wrapper.application; includeInIndex = 0; path = Parkinson.app; sourceTree = BUILT_PRODUCTS_DIR; };
		CFC2D2DB19A5417D00170E69 /* Info.plist */ = {isa = PBXFileReference; lastKnownFileType = text.plist.xml; path = Info.plist; sourceTree = "<group>"; };
		CFC2D2DC19A5417D00170E69 /* main.m */ = {isa = PBXFileReference; lastKnownFileType = sourcecode.c.objc; path = main.m; sourceTree = "<group>"; };
		CFC2D2E719A5417D00170E69 /* Images.xcassets */ = {isa = PBXFileReference; lastKnownFileType = folder.assetcatalog; name = Images.xcassets; path = Parkinson/Images.xcassets; sourceTree = "<group>"; };
		F5017E5019D1FC9500AC1F37 /* APHLearn.storyboard */ = {isa = PBXFileReference; fileEncoding = 4; lastKnownFileType = file.storyboard; path = APHLearn.storyboard; sourceTree = "<group>"; };
		F5017E5219D1FCA400AC1F37 /* APHDashboard.storyboard */ = {isa = PBXFileReference; fileEncoding = 4; lastKnownFileType = file.storyboard; path = APHDashboard.storyboard; sourceTree = "<group>"; };
		F5017E5419D1FCB200AC1F37 /* APHActivities.storyboard */ = {isa = PBXFileReference; fileEncoding = 4; lastKnownFileType = file.storyboard; path = APHActivities.storyboard; sourceTree = "<group>"; };
		F5017E5619D1FCF300AC1F37 /* APHHealthProfile.storyboard */ = {isa = PBXFileReference; fileEncoding = 4; lastKnownFileType = file.storyboard; path = APHHealthProfile.storyboard; sourceTree = "<group>"; };
		F5241CA819AEA5110098A4DF /* Parkinson.entitlements */ = {isa = PBXFileReference; lastKnownFileType = text.xml; path = Parkinson.entitlements; sourceTree = "<group>"; };
		F5B4211219D23A1200F9CD69 /* APCAppleCore.xcodeproj */ = {isa = PBXFileReference; lastKnownFileType = "wrapper.pb-project"; name = APCAppleCore.xcodeproj; path = AppleCore/APCAppleCore/APCAppleCore.xcodeproj; sourceTree = SOURCE_ROOT; };
		F5C1DC1F19D22E6F006527EA /* Main.storyboard */ = {isa = PBXFileReference; fileEncoding = 4; lastKnownFileType = file.storyboard; path = Main.storyboard; sourceTree = "<group>"; };
		F5D14E3D19CC98FD00650FBB /* intro.m4v */ = {isa = PBXFileReference; lastKnownFileType = file; path = intro.m4v; sourceTree = "<group>"; };
		F5D14E4019CC991500650FBB /* APHTasksAndSchedules.json */ = {isa = PBXFileReference; fileEncoding = 4; lastKnownFileType = text.json; path = APHTasksAndSchedules.json; sourceTree = "<group>"; };
		F5D14E4119CC991500650FBB /* JSON_READ_ME */ = {isa = PBXFileReference; fileEncoding = 4; lastKnownFileType = text; path = JSON_READ_ME; sourceTree = "<group>"; };
		F5D14E4219CC991500650FBB /* sleepSurvey.json */ = {isa = PBXFileReference; fileEncoding = 4; lastKnownFileType = text.json; path = sleepSurvey.json; sourceTree = "<group>"; };
		F5D14E7819CC9B8100650FBB /* APHIntroVideoViewController.h */ = {isa = PBXFileReference; fileEncoding = 4; lastKnownFileType = sourcecode.c.h; path = APHIntroVideoViewController.h; sourceTree = "<group>"; };
		F5D14E7919CC9B8100650FBB /* APHIntroVideoViewController.m */ = {isa = PBXFileReference; fileEncoding = 4; lastKnownFileType = sourcecode.c.objc; path = APHIntroVideoViewController.m; sourceTree = "<group>"; };
		F5D14E7A19CC9B8100650FBB /* APHSignInViewController.h */ = {isa = PBXFileReference; fileEncoding = 4; lastKnownFileType = sourcecode.c.h; path = APHSignInViewController.h; sourceTree = "<group>"; };
		F5D14E7B19CC9B8100650FBB /* APHSignInViewController.m */ = {isa = PBXFileReference; fileEncoding = 4; lastKnownFileType = sourcecode.c.objc; path = APHSignInViewController.m; sourceTree = "<group>"; };
		F5D14E7C19CC9B8100650FBB /* APHSignUpGeneralInfoViewController.h */ = {isa = PBXFileReference; fileEncoding = 4; lastKnownFileType = sourcecode.c.h; path = APHSignUpGeneralInfoViewController.h; sourceTree = "<group>"; };
		F5D14E7D19CC9B8100650FBB /* APHSignUpGeneralInfoViewController.m */ = {isa = PBXFileReference; fileEncoding = 4; lastKnownFileType = sourcecode.c.objc; path = APHSignUpGeneralInfoViewController.m; sourceTree = "<group>"; };
		F5D14E7E19CC9B8100650FBB /* APHSignUpMedicalInfoViewController.h */ = {isa = PBXFileReference; fileEncoding = 4; lastKnownFileType = sourcecode.c.h; path = APHSignUpMedicalInfoViewController.h; sourceTree = "<group>"; };
		F5D14E7F19CC9B8100650FBB /* APHSignUpMedicalInfoViewController.m */ = {isa = PBXFileReference; fileEncoding = 4; lastKnownFileType = sourcecode.c.objc; path = APHSignUpMedicalInfoViewController.m; sourceTree = "<group>"; };
		F5D14E8019CC9B8100650FBB /* APHSignupOptionsViewController.h */ = {isa = PBXFileReference; fileEncoding = 4; lastKnownFileType = sourcecode.c.h; path = APHSignupOptionsViewController.h; sourceTree = "<group>"; };
		F5D14E8119CC9B8100650FBB /* APHSignupOptionsViewController.m */ = {isa = PBXFileReference; fileEncoding = 4; lastKnownFileType = sourcecode.c.objc; path = APHSignupOptionsViewController.m; sourceTree = "<group>"; };
		F5D14E8219CC9B8100650FBB /* APHSignupOptionsViewController.xib */ = {isa = PBXFileReference; fileEncoding = 4; lastKnownFileType = file.xib; path = APHSignupOptionsViewController.xib; sourceTree = "<group>"; };
		F5D14E8319CC9B8100650FBB /* APHUserInfoCell.h */ = {isa = PBXFileReference; fileEncoding = 4; lastKnownFileType = sourcecode.c.h; path = APHUserInfoCell.h; sourceTree = "<group>"; };
		F5D14E8419CC9B8100650FBB /* APHUserInfoCell.m */ = {isa = PBXFileReference; fileEncoding = 4; lastKnownFileType = sourcecode.c.objc; path = APHUserInfoCell.m; sourceTree = "<group>"; };
		F5D14E8519CC9B8100650FBB /* APHUserInfoConstants.h */ = {isa = PBXFileReference; fileEncoding = 4; lastKnownFileType = sourcecode.c.h; path = APHUserInfoConstants.h; sourceTree = "<group>"; };
		F5D14E9419CC9B9100650FBB /* APHActivitiesViewController.h */ = {isa = PBXFileReference; fileEncoding = 4; lastKnownFileType = sourcecode.c.h; path = APHActivitiesViewController.h; sourceTree = "<group>"; };
		F5D14E9519CC9B9100650FBB /* APHActivitiesViewController.m */ = {isa = PBXFileReference; fileEncoding = 4; lastKnownFileType = sourcecode.c.objc; path = APHActivitiesViewController.m; sourceTree = "<group>"; };
		F5D14E9719CC9B9100650FBB /* APHEditSectionsViewController.h */ = {isa = PBXFileReference; fileEncoding = 4; lastKnownFileType = sourcecode.c.h; path = APHEditSectionsViewController.h; sourceTree = "<group>"; };
		F5D14E9819CC9B9100650FBB /* APHEditSectionsViewController.m */ = {isa = PBXFileReference; fileEncoding = 4; lastKnownFileType = sourcecode.c.objc; path = APHEditSectionsViewController.m; sourceTree = "<group>"; };
		F5D14E9919CC9B9100650FBB /* APHEditSectionsViewController.xib */ = {isa = PBXFileReference; fileEncoding = 4; lastKnownFileType = file.xib; path = APHEditSectionsViewController.xib; sourceTree = "<group>"; };
		F5D14E9A19CC9B9100650FBB /* APHDashboardViewController.h */ = {isa = PBXFileReference; fileEncoding = 4; lastKnownFileType = sourcecode.c.h; path = APHDashboardViewController.h; sourceTree = "<group>"; };
		F5D14E9B19CC9B9100650FBB /* APHDashboardViewController.m */ = {isa = PBXFileReference; fileEncoding = 4; lastKnownFileType = sourcecode.c.objc; path = APHDashboardViewController.m; sourceTree = "<group>"; };
		F5D14E9D19CC9B9100650FBB /* APHDashboardGraphViewCell.h */ = {isa = PBXFileReference; fileEncoding = 4; lastKnownFileType = sourcecode.c.h; path = APHDashboardGraphViewCell.h; sourceTree = "<group>"; };
		F5D14E9E19CC9B9100650FBB /* APHDashboardGraphViewCell.m */ = {isa = PBXFileReference; fileEncoding = 4; lastKnownFileType = sourcecode.c.objc; path = APHDashboardGraphViewCell.m; sourceTree = "<group>"; };
		F5D14EA019CC9B9100650FBB /* APHDashboardMessageViewCell.h */ = {isa = PBXFileReference; fileEncoding = 4; lastKnownFileType = sourcecode.c.h; path = APHDashboardMessageViewCell.h; sourceTree = "<group>"; };
		F5D14EA119CC9B9100650FBB /* APHDashboardMessageViewCell.m */ = {isa = PBXFileReference; fileEncoding = 4; lastKnownFileType = sourcecode.c.objc; path = APHDashboardMessageViewCell.m; sourceTree = "<group>"; };
		F5D14EA319CC9B9100650FBB /* APHDashboardProgressViewCell.h */ = {isa = PBXFileReference; fileEncoding = 4; lastKnownFileType = sourcecode.c.h; path = APHDashboardProgressViewCell.h; sourceTree = "<group>"; };
		F5D14EA419CC9B9100650FBB /* APHDashboardProgressViewCell.m */ = {isa = PBXFileReference; fileEncoding = 4; lastKnownFileType = sourcecode.c.objc; path = APHDashboardProgressViewCell.m; sourceTree = "<group>"; };
		F5D14EA719CC9B9100650FBB /* APHLearnDetailViewController.h */ = {isa = PBXFileReference; fileEncoding = 4; lastKnownFileType = sourcecode.c.h; path = APHLearnDetailViewController.h; sourceTree = "<group>"; };
		F5D14EA819CC9B9100650FBB /* APHLearnDetailViewController.m */ = {isa = PBXFileReference; fileEncoding = 4; lastKnownFileType = sourcecode.c.objc; path = APHLearnDetailViewController.m; sourceTree = "<group>"; };
		F5D14EA919CC9B9100650FBB /* APHLearnDetailViewController.xib */ = {isa = PBXFileReference; fileEncoding = 4; lastKnownFileType = file.xib; path = APHLearnDetailViewController.xib; sourceTree = "<group>"; };
		F5D14EAA19CC9B9100650FBB /* APHLearnMasterViewController.h */ = {isa = PBXFileReference; fileEncoding = 4; lastKnownFileType = sourcecode.c.h; path = APHLearnMasterViewController.h; sourceTree = "<group>"; };
		F5D14EAB19CC9B9100650FBB /* APHLearnMasterViewController.m */ = {isa = PBXFileReference; fileEncoding = 4; lastKnownFileType = sourcecode.c.objc; path = APHLearnMasterViewController.m; sourceTree = "<group>"; };
		F5D14EAD19CC9B9100650FBB /* APHLearnDetailViewCell.h */ = {isa = PBXFileReference; fileEncoding = 4; lastKnownFileType = sourcecode.c.h; path = APHLearnDetailViewCell.h; sourceTree = "<group>"; };
		F5D14EAE19CC9B9100650FBB /* APHLearnDetailViewCell.m */ = {isa = PBXFileReference; fileEncoding = 4; lastKnownFileType = sourcecode.c.objc; path = APHLearnDetailViewCell.m; sourceTree = "<group>"; };
		F5D14EAF19CC9B9100650FBB /* APHLearnDetailViewCell.xib */ = {isa = PBXFileReference; fileEncoding = 4; lastKnownFileType = file.xib; path = APHLearnDetailViewCell.xib; sourceTree = "<group>"; };
		F5D14EB019CC9B9100650FBB /* APHLearnMasterTableViewCell.h */ = {isa = PBXFileReference; fileEncoding = 4; lastKnownFileType = sourcecode.c.h; path = APHLearnMasterTableViewCell.h; sourceTree = "<group>"; };
		F5D14EB119CC9B9100650FBB /* APHLearnMasterTableViewCell.m */ = {isa = PBXFileReference; fileEncoding = 4; lastKnownFileType = sourcecode.c.objc; path = APHLearnMasterTableViewCell.m; sourceTree = "<group>"; };
		F5D14EB319CC9B9100650FBB /* APHLearnResourceViewCell.h */ = {isa = PBXFileReference; fileEncoding = 4; lastKnownFileType = sourcecode.c.h; path = APHLearnResourceViewCell.h; sourceTree = "<group>"; };
		F5D14EB419CC9B9100650FBB /* APHLearnResourceViewCell.m */ = {isa = PBXFileReference; fileEncoding = 4; lastKnownFileType = sourcecode.c.objc; path = APHLearnResourceViewCell.m; sourceTree = "<group>"; };
		F5D14EB719CC9B9100650FBB /* APHSettingsTableFooterView.xib */ = {isa = PBXFileReference; fileEncoding = 4; lastKnownFileType = file.xib; path = APHSettingsTableFooterView.xib; sourceTree = "<group>"; };
		F5D14EB819CC9B9100650FBB /* APHSettingsViewController.h */ = {isa = PBXFileReference; fileEncoding = 4; lastKnownFileType = sourcecode.c.h; path = APHSettingsViewController.h; sourceTree = "<group>"; };
		F5D14EB919CC9B9100650FBB /* APHSettingsViewController.m */ = {isa = PBXFileReference; fileEncoding = 4; lastKnownFileType = sourcecode.c.objc; path = APHSettingsViewController.m; sourceTree = "<group>"; };
		F5D14ED319CC9BA700650FBB /* NSString+CustomMethods.h */ = {isa = PBXFileReference; fileEncoding = 4; lastKnownFileType = sourcecode.c.h; path = "NSString+CustomMethods.h"; sourceTree = "<group>"; };
		F5D14ED419CC9BA700650FBB /* NSString+CustomMethods.m */ = {isa = PBXFileReference; fileEncoding = 4; lastKnownFileType = sourcecode.c.objc; path = "NSString+CustomMethods.m"; sourceTree = "<group>"; };
		F5D14ED519CC9BA700650FBB /* RKStep+Description.h */ = {isa = PBXFileReference; fileEncoding = 4; lastKnownFileType = sourcecode.c.h; path = "RKStep+Description.h"; sourceTree = "<group>"; };
		F5D14ED619CC9BA700650FBB /* RKStep+Description.m */ = {isa = PBXFileReference; fileEncoding = 4; lastKnownFileType = sourcecode.c.objc; path = "RKStep+Description.m"; sourceTree = "<group>"; };
		F5D14ED719CC9BA700650FBB /* UIColor+Parkinson.h */ = {isa = PBXFileReference; fileEncoding = 4; lastKnownFileType = sourcecode.c.h; path = "UIColor+Parkinson.h"; sourceTree = "<group>"; };
		F5D14ED819CC9BA700650FBB /* UIColor+Parkinson.m */ = {isa = PBXFileReference; fileEncoding = 4; lastKnownFileType = sourcecode.c.objc; path = "UIColor+Parkinson.m"; sourceTree = "<group>"; };
		F5D14EE619CC9BC900650FBB /* APHCustomRecorder.h */ = {isa = PBXFileReference; fileEncoding = 4; lastKnownFileType = sourcecode.c.h; path = APHCustomRecorder.h; sourceTree = "<group>"; };
		F5D14EE719CC9BC900650FBB /* APHCustomRecorder.m */ = {isa = PBXFileReference; fileEncoding = 4; lastKnownFileType = sourcecode.c.objc; path = APHCustomRecorder.m; sourceTree = "<group>"; };
		F5D14EE819CC9BC900650FBB /* APHIntervalTappingIntroViewController.h */ = {isa = PBXFileReference; fileEncoding = 4; lastKnownFileType = sourcecode.c.h; path = APHIntervalTappingIntroViewController.h; sourceTree = "<group>"; };
		F5D14EE919CC9BC900650FBB /* APHIntervalTappingIntroViewController.m */ = {isa = PBXFileReference; fileEncoding = 4; lastKnownFileType = sourcecode.c.objc; path = APHIntervalTappingIntroViewController.m; sourceTree = "<group>"; };
		F5D14EEA19CC9BC900650FBB /* APHIntervalTappingIntroViewController.xib */ = {isa = PBXFileReference; fileEncoding = 4; lastKnownFileType = file.xib; path = APHIntervalTappingIntroViewController.xib; sourceTree = "<group>"; };
		F5D14EEB19CC9BC900650FBB /* APHIntervalTappingResultsViewController.h */ = {isa = PBXFileReference; fileEncoding = 4; lastKnownFileType = sourcecode.c.h; path = APHIntervalTappingResultsViewController.h; sourceTree = "<group>"; };
		F5D14EEC19CC9BC900650FBB /* APHIntervalTappingResultsViewController.m */ = {isa = PBXFileReference; fileEncoding = 4; lastKnownFileType = sourcecode.c.objc; path = APHIntervalTappingResultsViewController.m; sourceTree = "<group>"; };
		F5D14EED19CC9BC900650FBB /* APHIntervalTappingResultsViewController.xib */ = {isa = PBXFileReference; fileEncoding = 4; lastKnownFileType = file.xib; path = APHIntervalTappingResultsViewController.xib; sourceTree = "<group>"; };
		F5D14EEE19CC9BC900650FBB /* APHIntervalTappingStepsViewController.h */ = {isa = PBXFileReference; fileEncoding = 4; lastKnownFileType = sourcecode.c.h; path = APHIntervalTappingStepsViewController.h; sourceTree = "<group>"; };
		F5D14EEF19CC9BC900650FBB /* APHIntervalTappingStepsViewController.m */ = {isa = PBXFileReference; fileEncoding = 4; lastKnownFileType = sourcecode.c.objc; path = APHIntervalTappingStepsViewController.m; sourceTree = "<group>"; };
		F5D14EF019CC9BC900650FBB /* APHIntervalTappingStepsViewController.xib */ = {isa = PBXFileReference; fileEncoding = 4; lastKnownFileType = file.xib; path = APHIntervalTappingStepsViewController.xib; sourceTree = "<group>"; };
		F5D14EF119CC9BC900650FBB /* APHIntervalTappingTapView.h */ = {isa = PBXFileReference; fileEncoding = 4; lastKnownFileType = sourcecode.c.h; path = APHIntervalTappingTapView.h; sourceTree = "<group>"; };
		F5D14EF219CC9BC900650FBB /* APHIntervalTappingTapView.m */ = {isa = PBXFileReference; fileEncoding = 4; lastKnownFileType = sourcecode.c.objc; path = APHIntervalTappingTapView.m; sourceTree = "<group>"; };
		F5D14EF319CC9BC900650FBB /* APHIntervalTappingTaskViewController.h */ = {isa = PBXFileReference; fileEncoding = 4; lastKnownFileType = sourcecode.c.h; path = APHIntervalTappingTaskViewController.h; sourceTree = "<group>"; };
		F5D14EF419CC9BC900650FBB /* APHIntervalTappingTaskViewController.m */ = {isa = PBXFileReference; fileEncoding = 4; lastKnownFileType = sourcecode.c.objc; path = APHIntervalTappingTaskViewController.m; sourceTree = "<group>"; };
		F5D14EF619CC9BC900650FBB /* APHChangedMedsOverviewViewController.h */ = {isa = PBXFileReference; fileEncoding = 4; lastKnownFileType = sourcecode.c.h; path = APHChangedMedsOverviewViewController.h; sourceTree = "<group>"; };
		F5D14EF719CC9BC900650FBB /* APHChangedMedsOverviewViewController.m */ = {isa = PBXFileReference; fileEncoding = 4; lastKnownFileType = sourcecode.c.objc; path = APHChangedMedsOverviewViewController.m; sourceTree = "<group>"; };
		F5D14EF819CC9BC900650FBB /* APHChangedMedsOverviewViewController.xib */ = {isa = PBXFileReference; fileEncoding = 4; lastKnownFileType = file.xib; path = APHChangedMedsOverviewViewController.xib; sourceTree = "<group>"; };
		F5D14EF919CC9BC900650FBB /* APHChangedMedsTaskViewController.h */ = {isa = PBXFileReference; fileEncoding = 4; lastKnownFileType = sourcecode.c.h; path = APHChangedMedsTaskViewController.h; sourceTree = "<group>"; };
		F5D14EFA19CC9BC900650FBB /* APHChangedMedsTaskViewController.m */ = {isa = PBXFileReference; fileEncoding = 4; lastKnownFileType = sourcecode.c.objc; path = APHChangedMedsTaskViewController.m; sourceTree = "<group>"; };
		F5D14EFC19CC9BC900650FBB /* APHPhonationTaskViewController.h */ = {isa = PBXFileReference; fileEncoding = 4; lastKnownFileType = sourcecode.c.h; path = APHPhonationTaskViewController.h; sourceTree = "<group>"; };
		F5D14EFD19CC9BC900650FBB /* APHPhonationTaskViewController.m */ = {isa = PBXFileReference; fileEncoding = 4; lastKnownFileType = sourcecode.c.objc; path = APHPhonationTaskViewController.m; sourceTree = "<group>"; };
		F5D14EFF19CC9BC900650FBB /* APHSleepQualityOverviewViewController.h */ = {isa = PBXFileReference; fileEncoding = 4; lastKnownFileType = sourcecode.c.h; path = APHSleepQualityOverviewViewController.h; sourceTree = "<group>"; };
		F5D14F0019CC9BC900650FBB /* APHSleepQualityOverviewViewController.m */ = {isa = PBXFileReference; fileEncoding = 4; lastKnownFileType = sourcecode.c.objc; path = APHSleepQualityOverviewViewController.m; sourceTree = "<group>"; };
		F5D14F0119CC9BC900650FBB /* APHSleepQualityOverviewViewController.xib */ = {isa = PBXFileReference; fileEncoding = 4; lastKnownFileType = file.xib; path = APHSleepQualityOverviewViewController.xib; sourceTree = "<group>"; };
		F5D14F0219CC9BC900650FBB /* APHSleepQualityTaskViewController.h */ = {isa = PBXFileReference; fileEncoding = 4; lastKnownFileType = sourcecode.c.h; path = APHSleepQualityTaskViewController.h; sourceTree = "<group>"; };
		F5D14F0319CC9BC900650FBB /* APHSleepQualityTaskViewController.m */ = {isa = PBXFileReference; fileEncoding = 4; lastKnownFileType = sourcecode.c.objc; path = APHSleepQualityTaskViewController.m; sourceTree = "<group>"; };
		F5D14F0519CC9BC900650FBB /* APHSpecialSurveyTaskViewController.h */ = {isa = PBXFileReference; fileEncoding = 4; lastKnownFileType = sourcecode.c.h; path = APHSpecialSurveyTaskViewController.h; sourceTree = "<group>"; };
		F5D14F0619CC9BC900650FBB /* APHSpecialSurveyTaskViewController.m */ = {isa = PBXFileReference; fileEncoding = 4; lastKnownFileType = sourcecode.c.objc; path = APHSpecialSurveyTaskViewController.m; sourceTree = "<group>"; };
		F5D14F0819CC9BC900650FBB /* APHTracingObjectsOverviewViewController.h */ = {isa = PBXFileReference; fileEncoding = 4; lastKnownFileType = sourcecode.c.h; path = APHTracingObjectsOverviewViewController.h; sourceTree = "<group>"; };
		F5D14F0919CC9BC900650FBB /* APHTracingObjectsOverviewViewController.m */ = {isa = PBXFileReference; fileEncoding = 4; lastKnownFileType = sourcecode.c.objc; path = APHTracingObjectsOverviewViewController.m; sourceTree = "<group>"; };
		F5D14F0A19CC9BC900650FBB /* APHTracingObjectsOverviewViewController.xib */ = {isa = PBXFileReference; fileEncoding = 4; lastKnownFileType = file.xib; path = APHTracingObjectsOverviewViewController.xib; sourceTree = "<group>"; };
		F5D14F0B19CC9BC900650FBB /* APHTracingObjectsTaskViewController.h */ = {isa = PBXFileReference; fileEncoding = 4; lastKnownFileType = sourcecode.c.h; path = APHTracingObjectsTaskViewController.h; sourceTree = "<group>"; };
		F5D14F0C19CC9BC900650FBB /* APHTracingObjectsTaskViewController.m */ = {isa = PBXFileReference; fileEncoding = 4; lastKnownFileType = sourcecode.c.objc; path = APHTracingObjectsTaskViewController.m; sourceTree = "<group>"; };
		F5D14F0E19CC9BC900650FBB /* APHWalkingOverviewViewController.h */ = {isa = PBXFileReference; fileEncoding = 4; lastKnownFileType = sourcecode.c.h; path = APHWalkingOverviewViewController.h; sourceTree = "<group>"; };
		F5D14F0F19CC9BC900650FBB /* APHWalkingOverviewViewController.m */ = {isa = PBXFileReference; fileEncoding = 4; lastKnownFileType = sourcecode.c.objc; path = APHWalkingOverviewViewController.m; sourceTree = "<group>"; };
		F5D14F1019CC9BC900650FBB /* APHWalkingOverviewViewController.xib */ = {isa = PBXFileReference; fileEncoding = 4; lastKnownFileType = file.xib; path = APHWalkingOverviewViewController.xib; sourceTree = "<group>"; };
		F5D14F1119CC9BC900650FBB /* APHWalkingResultsViewController.h */ = {isa = PBXFileReference; fileEncoding = 4; lastKnownFileType = sourcecode.c.h; path = APHWalkingResultsViewController.h; sourceTree = "<group>"; };
		F5D14F1219CC9BC900650FBB /* APHWalkingResultsViewController.m */ = {isa = PBXFileReference; fileEncoding = 4; lastKnownFileType = sourcecode.c.objc; path = APHWalkingResultsViewController.m; sourceTree = "<group>"; };
		F5D14F1319CC9BC900650FBB /* APHWalkingResultsViewController.xib */ = {isa = PBXFileReference; fileEncoding = 4; lastKnownFileType = file.xib; path = APHWalkingResultsViewController.xib; sourceTree = "<group>"; };
		F5D14F1419CC9BC900650FBB /* APHWalkingStepsViewController.h */ = {isa = PBXFileReference; fileEncoding = 4; lastKnownFileType = sourcecode.c.h; path = APHWalkingStepsViewController.h; sourceTree = "<group>"; };
		F5D14F1519CC9BC900650FBB /* APHWalkingStepsViewController.m */ = {isa = PBXFileReference; fileEncoding = 4; lastKnownFileType = sourcecode.c.objc; path = APHWalkingStepsViewController.m; sourceTree = "<group>"; };
		F5D14F1619CC9BC900650FBB /* APHWalkingStepsViewController.xib */ = {isa = PBXFileReference; fileEncoding = 4; lastKnownFileType = file.xib; path = APHWalkingStepsViewController.xib; sourceTree = "<group>"; };
		F5D14F1719CC9BC900650FBB /* APHWalkingTaskViewController.h */ = {isa = PBXFileReference; fileEncoding = 4; lastKnownFileType = sourcecode.c.h; path = APHWalkingTaskViewController.h; sourceTree = "<group>"; };
		F5D14F1819CC9BC900650FBB /* APHWalkingTaskViewController.m */ = {isa = PBXFileReference; fileEncoding = 4; lastKnownFileType = sourcecode.c.objc; path = APHWalkingTaskViewController.m; sourceTree = "<group>"; };
		F5D14F3719CC9C0000650FBB /* APHParkinsonAppDelegate.h */ = {isa = PBXFileReference; fileEncoding = 4; lastKnownFileType = sourcecode.c.h; path = APHParkinsonAppDelegate.h; sourceTree = "<group>"; };
		F5D14F3819CC9C0000650FBB /* APHParkinsonAppDelegate.m */ = {isa = PBXFileReference; fileEncoding = 4; lastKnownFileType = sourcecode.c.objc; path = APHParkinsonAppDelegate.m; sourceTree = "<group>"; };
		F5D7488B19D1F75600EEB7DE /* ResearchKit.framework */ = {isa = PBXFileReference; lastKnownFileType = wrapper.framework; name = ResearchKit.framework; path = AppleCore/APCAppleCore/ResearchKit/ResearchKit.framework; sourceTree = SOURCE_ROOT; };
		F5D7488D19D1F76B00EEB7DE /* libarchive.dylib */ = {isa = PBXFileReference; lastKnownFileType = "compiled.mach-o.dylib"; name = libarchive.dylib; path = usr/lib/libarchive.dylib; sourceTree = SDKROOT; };
		F5D7488F19D1F77800EEB7DE /* libz.dylib */ = {isa = PBXFileReference; lastKnownFileType = "compiled.mach-o.dylib"; name = libz.dylib; path = usr/lib/libz.dylib; sourceTree = SDKROOT; };
		F5D7489119D1F77F00EEB7DE /* libbz2.dylib */ = {isa = PBXFileReference; lastKnownFileType = "compiled.mach-o.dylib"; name = libbz2.dylib; path = usr/lib/libbz2.dylib; sourceTree = SDKROOT; };
		F5DCAD3D19D088330096DEC0 /* LaunchScreen.xib */ = {isa = PBXFileReference; fileEncoding = 4; lastKnownFileType = file.xib; path = LaunchScreen.xib; sourceTree = "<group>"; };
/* End PBXFileReference section */

/* Begin PBXFrameworksBuildPhase section */
		CFC2D2D419A5417D00170E69 /* Frameworks */ = {
			isa = PBXFrameworksBuildPhase;
			buildActionMask = 2147483647;
			files = (
				F5D7489219D1F77F00EEB7DE /* libbz2.dylib in Frameworks */,
				F5D7489019D1F77800EEB7DE /* libz.dylib in Frameworks */,
				F5D7488E19D1F76B00EEB7DE /* libarchive.dylib in Frameworks */,
				F5F32C7C19D0D4C1007F9015 /* HealthKit.framework in Frameworks */,
				F5D7488C19D1F75600EEB7DE /* ResearchKit.framework in Frameworks */,
				F5F6454719D35D80004CFBB2 /* APCAppleCore.framework in Frameworks */,
				CFA2ABC019A7C3EB000DB961 /* AVFoundation.framework in Frameworks */,
				CFA2ABBE19A7C3C2000DB961 /* Security.framework in Frameworks */,
				CFA2ABBC19A7C3A9000DB961 /* CoreData.framework in Frameworks */,
			);
			runOnlyForDeploymentPostprocessing = 0;
		};
/* End PBXFrameworksBuildPhase section */

/* Begin PBXGroup section */
		255D2F4619C40F25002137F1 /* Resources */ = {
			isa = PBXGroup;
			children = (
				F5D14E3F19CC991500650FBB /* JSONs */,
				255D2F4A19C40F25002137F1 /* Videos */,
			);
			path = Resources;
			sourceTree = "<group>";
		};
		255D2F4A19C40F25002137F1 /* Videos */ = {
			isa = PBXGroup;
			children = (
				F5D14E3D19CC98FD00650FBB /* intro.m4v */,
			);
			path = Videos;
			sourceTree = "<group>";
		};
		CFA2ABB419A7C1C1000DB961 /* Frameworks */ = {
			isa = PBXGroup;
			children = (
				F5B4211219D23A1200F9CD69 /* APCAppleCore.xcodeproj */,
				F5D7489119D1F77F00EEB7DE /* libbz2.dylib */,
				F5D7488F19D1F77800EEB7DE /* libz.dylib */,
				F5D7488D19D1F76B00EEB7DE /* libarchive.dylib */,
				F5D7488B19D1F75600EEB7DE /* ResearchKit.framework */,
				CFA2ABBF19A7C3EB000DB961 /* AVFoundation.framework */,
				CFA2ABBD19A7C3C2000DB961 /* Security.framework */,
				CFA2ABBB19A7C3A9000DB961 /* CoreData.framework */,
				CFA2ABB519A7C229000DB961 /* HealthKit.framework */,
			);
			name = Frameworks;
			path = Parkinson;
			sourceTree = "<group>";
		};
		CFC2D2CE19A5417D00170E69 = {
			isa = PBXGroup;
			children = (
				CFC2D2D919A5417D00170E69 /* Parkinson */,
				CFC2D2E719A5417D00170E69 /* Images.xcassets */,
				CFA2ABB419A7C1C1000DB961 /* Frameworks */,
				CFC2D2D819A5417D00170E69 /* Products */,
			);
			sourceTree = "<group>";
		};
		CFC2D2D819A5417D00170E69 /* Products */ = {
			isa = PBXGroup;
			children = (
				CFC2D2D719A5417D00170E69 /* Parkinson.app */,
			);
			name = Products;
			sourceTree = "<group>";
		};
		CFC2D2D919A5417D00170E69 /* Parkinson */ = {
			isa = PBXGroup;
			children = (
				F5D14F3619CC9C0000650FBB /* Startup */,
				F5D14E7719CC9B8100650FBB /* Onboarding */,
				F5D14E8F19CC9B9100650FBB /* TabBarControllers */,
				F5D14EE019CC9BC900650FBB /* TasksAndSteps */,
				F5D14ED119CC9BA700650FBB /* Library */,
				255D2F4619C40F25002137F1 /* Resources */,
				CFC2D2DA19A5417D00170E69 /* Supporting Files */,
			);
			path = Parkinson;
			sourceTree = "<group>";
		};
		CFC2D2DA19A5417D00170E69 /* Supporting Files */ = {
			isa = PBXGroup;
			children = (
				F5241CA819AEA5110098A4DF /* Parkinson.entitlements */,
				CFC2D2DB19A5417D00170E69 /* Info.plist */,
				CFC2D2DC19A5417D00170E69 /* main.m */,
			);
			name = "Supporting Files";
			sourceTree = "<group>";
		};
		F5B4211319D23A1200F9CD69 /* Products */ = {
			isa = PBXGroup;
			children = (
				F5B4211919D23A1200F9CD69 /* APCAppleCore.framework */,
				F5B4211B19D23A1200F9CD69 /* APCAppleCoreTests.xctest */,
			);
			name = Products;
			sourceTree = "<group>";
		};
		F5D14E3F19CC991500650FBB /* JSONs */ = {
			isa = PBXGroup;
			children = (
				F5D14E4019CC991500650FBB /* APHTasksAndSchedules.json */,
				F5D14E4119CC991500650FBB /* JSON_READ_ME */,
				F5D14E4219CC991500650FBB /* sleepSurvey.json */,
			);
			path = JSONs;
			sourceTree = "<group>";
		};
		F5D14E7719CC9B8100650FBB /* Onboarding */ = {
			isa = PBXGroup;
			children = (
				F5D14E7819CC9B8100650FBB /* APHIntroVideoViewController.h */,
				F5D14E7919CC9B8100650FBB /* APHIntroVideoViewController.m */,
				F5D14E7A19CC9B8100650FBB /* APHSignInViewController.h */,
				F5D14E7B19CC9B8100650FBB /* APHSignInViewController.m */,
				F5D14E7C19CC9B8100650FBB /* APHSignUpGeneralInfoViewController.h */,
				F5D14E7D19CC9B8100650FBB /* APHSignUpGeneralInfoViewController.m */,
				F5D14E7E19CC9B8100650FBB /* APHSignUpMedicalInfoViewController.h */,
				F5D14E7F19CC9B8100650FBB /* APHSignUpMedicalInfoViewController.m */,
				F5D14E8019CC9B8100650FBB /* APHSignupOptionsViewController.h */,
				F5D14E8119CC9B8100650FBB /* APHSignupOptionsViewController.m */,
				F5D14E8219CC9B8100650FBB /* APHSignupOptionsViewController.xib */,
				F5D14E8319CC9B8100650FBB /* APHUserInfoCell.h */,
				F5D14E8419CC9B8100650FBB /* APHUserInfoCell.m */,
				F5D14E8519CC9B8100650FBB /* APHUserInfoConstants.h */,
			);
			path = Onboarding;
			sourceTree = "<group>";
		};
		F5D14E8F19CC9B9100650FBB /* TabBarControllers */ = {
			isa = PBXGroup;
			children = (
				F5D14E9619CC9B9100650FBB /* Dashboard */,
				F5D14EA619CC9B9100650FBB /* Learn */,
				F5D14E9019CC9B9100650FBB /* Activities */,
				F5D14EB619CC9B9100650FBB /* Profile */,
			);
			path = TabBarControllers;
			sourceTree = "<group>";
		};
		F5D14E9019CC9B9100650FBB /* Activities */ = {
			isa = PBXGroup;
			children = (
				F5017E5419D1FCB200AC1F37 /* APHActivities.storyboard */,
				F5D14E9419CC9B9100650FBB /* APHActivitiesViewController.h */,
				F5D14E9519CC9B9100650FBB /* APHActivitiesViewController.m */,
			);
			path = Activities;
			sourceTree = "<group>";
		};
		F5D14E9619CC9B9100650FBB /* Dashboard */ = {
			isa = PBXGroup;
			children = (
				F5017E5219D1FCA400AC1F37 /* APHDashboard.storyboard */,
				F5D14E9A19CC9B9100650FBB /* APHDashboardViewController.h */,
				F5D14E9B19CC9B9100650FBB /* APHDashboardViewController.m */,
				F5D14E9719CC9B9100650FBB /* APHEditSectionsViewController.h */,
				F5D14E9819CC9B9100650FBB /* APHEditSectionsViewController.m */,
				F5D14E9919CC9B9100650FBB /* APHEditSectionsViewController.xib */,
				F5D14E9C19CC9B9100650FBB /* DashboardViews */,
			);
			path = Dashboard;
			sourceTree = "<group>";
		};
		F5D14E9C19CC9B9100650FBB /* DashboardViews */ = {
			isa = PBXGroup;
			children = (
				F5D14E9D19CC9B9100650FBB /* APHDashboardGraphViewCell.h */,
				F5D14E9E19CC9B9100650FBB /* APHDashboardGraphViewCell.m */,
				F5D14EA019CC9B9100650FBB /* APHDashboardMessageViewCell.h */,
				F5D14EA119CC9B9100650FBB /* APHDashboardMessageViewCell.m */,
				F5D14EA319CC9B9100650FBB /* APHDashboardProgressViewCell.h */,
				F5D14EA419CC9B9100650FBB /* APHDashboardProgressViewCell.m */,
			);
			path = DashboardViews;
			sourceTree = "<group>";
		};
		F5D14EA619CC9B9100650FBB /* Learn */ = {
			isa = PBXGroup;
			children = (
				F5017E5019D1FC9500AC1F37 /* APHLearn.storyboard */,
				F5D14EAA19CC9B9100650FBB /* APHLearnMasterViewController.h */,
				F5D14EAB19CC9B9100650FBB /* APHLearnMasterViewController.m */,
				F5D14EA719CC9B9100650FBB /* APHLearnDetailViewController.h */,
				F5D14EA819CC9B9100650FBB /* APHLearnDetailViewController.m */,
				F5D14EA919CC9B9100650FBB /* APHLearnDetailViewController.xib */,
				F5D14EAC19CC9B9100650FBB /* LearnViews */,
			);
			path = Learn;
			sourceTree = "<group>";
		};
		F5D14EAC19CC9B9100650FBB /* LearnViews */ = {
			isa = PBXGroup;
			children = (
				F5D14EB019CC9B9100650FBB /* APHLearnMasterTableViewCell.h */,
				F5D14EB119CC9B9100650FBB /* APHLearnMasterTableViewCell.m */,
				F5D14EB319CC9B9100650FBB /* APHLearnResourceViewCell.h */,
				F5D14EB419CC9B9100650FBB /* APHLearnResourceViewCell.m */,
				F5D14EAD19CC9B9100650FBB /* APHLearnDetailViewCell.h */,
				F5D14EAE19CC9B9100650FBB /* APHLearnDetailViewCell.m */,
				F5D14EAF19CC9B9100650FBB /* APHLearnDetailViewCell.xib */,
			);
			path = LearnViews;
			sourceTree = "<group>";
		};
		F5D14EB619CC9B9100650FBB /* Profile */ = {
			isa = PBXGroup;
			children = (
				F5017E5619D1FCF300AC1F37 /* APHHealthProfile.storyboard */,
				F5D14EB719CC9B9100650FBB /* APHSettingsTableFooterView.xib */,
				F5D14EB819CC9B9100650FBB /* APHSettingsViewController.h */,
				F5D14EB919CC9B9100650FBB /* APHSettingsViewController.m */,
			);
			path = Profile;
			sourceTree = "<group>";
		};
		F5D14ED119CC9BA700650FBB /* Library */ = {
			isa = PBXGroup;
			children = (
				F5D14ED219CC9BA700650FBB /* Categories */,
			);
			path = Library;
			sourceTree = "<group>";
		};
		F5D14ED219CC9BA700650FBB /* Categories */ = {
			isa = PBXGroup;
			children = (
				F5D14ED319CC9BA700650FBB /* NSString+CustomMethods.h */,
				F5D14ED419CC9BA700650FBB /* NSString+CustomMethods.m */,
				F5D14ED519CC9BA700650FBB /* RKStep+Description.h */,
				F5D14ED619CC9BA700650FBB /* RKStep+Description.m */,
				F5D14ED719CC9BA700650FBB /* UIColor+Parkinson.h */,
				F5D14ED819CC9BA700650FBB /* UIColor+Parkinson.m */,
			);
			path = Categories;
			sourceTree = "<group>";
		};
		F5D14EE019CC9BC900650FBB /* TasksAndSteps */ = {
			isa = PBXGroup;
			children = (
				F5D14EE519CC9BC900650FBB /* IntervalTappingControllers */,
				F5D14EF519CC9BC900650FBB /* MedicationChangesControllers */,
				F5D14EFB19CC9BC900650FBB /* PhonationControllers */,
				F5D14EFE19CC9BC900650FBB /* SleepQualityControllers */,
				F5D14F0419CC9BC900650FBB /* SpecialSurveyControllers */,
				F5D14F0719CC9BC900650FBB /* TracingObjectControllers */,
				F5D14F0D19CC9BC900650FBB /* WalkingControllers */,
			);
			path = TasksAndSteps;
			sourceTree = "<group>";
		};
		F5D14EE519CC9BC900650FBB /* IntervalTappingControllers */ = {
			isa = PBXGroup;
			children = (
				F5D14EE619CC9BC900650FBB /* APHCustomRecorder.h */,
				F5D14EE719CC9BC900650FBB /* APHCustomRecorder.m */,
				F5D14EE819CC9BC900650FBB /* APHIntervalTappingIntroViewController.h */,
				F5D14EE919CC9BC900650FBB /* APHIntervalTappingIntroViewController.m */,
				F5D14EEA19CC9BC900650FBB /* APHIntervalTappingIntroViewController.xib */,
				F5D14EEB19CC9BC900650FBB /* APHIntervalTappingResultsViewController.h */,
				F5D14EEC19CC9BC900650FBB /* APHIntervalTappingResultsViewController.m */,
				F5D14EED19CC9BC900650FBB /* APHIntervalTappingResultsViewController.xib */,
				F5D14EEE19CC9BC900650FBB /* APHIntervalTappingStepsViewController.h */,
				F5D14EEF19CC9BC900650FBB /* APHIntervalTappingStepsViewController.m */,
				F5D14EF019CC9BC900650FBB /* APHIntervalTappingStepsViewController.xib */,
				F5D14EF119CC9BC900650FBB /* APHIntervalTappingTapView.h */,
				F5D14EF219CC9BC900650FBB /* APHIntervalTappingTapView.m */,
				F5D14EF319CC9BC900650FBB /* APHIntervalTappingTaskViewController.h */,
				F5D14EF419CC9BC900650FBB /* APHIntervalTappingTaskViewController.m */,
			);
			path = IntervalTappingControllers;
			sourceTree = "<group>";
		};
		F5D14EF519CC9BC900650FBB /* MedicationChangesControllers */ = {
			isa = PBXGroup;
			children = (
				F5D14EF619CC9BC900650FBB /* APHChangedMedsOverviewViewController.h */,
				F5D14EF719CC9BC900650FBB /* APHChangedMedsOverviewViewController.m */,
				F5D14EF819CC9BC900650FBB /* APHChangedMedsOverviewViewController.xib */,
				F5D14EF919CC9BC900650FBB /* APHChangedMedsTaskViewController.h */,
				F5D14EFA19CC9BC900650FBB /* APHChangedMedsTaskViewController.m */,
			);
			path = MedicationChangesControllers;
			sourceTree = "<group>";
		};
		F5D14EFB19CC9BC900650FBB /* PhonationControllers */ = {
			isa = PBXGroup;
			children = (
				F5D14EFC19CC9BC900650FBB /* APHPhonationTaskViewController.h */,
				F5D14EFD19CC9BC900650FBB /* APHPhonationTaskViewController.m */,
			);
			path = PhonationControllers;
			sourceTree = "<group>";
		};
		F5D14EFE19CC9BC900650FBB /* SleepQualityControllers */ = {
			isa = PBXGroup;
			children = (
				F5D14EFF19CC9BC900650FBB /* APHSleepQualityOverviewViewController.h */,
				F5D14F0019CC9BC900650FBB /* APHSleepQualityOverviewViewController.m */,
				F5D14F0119CC9BC900650FBB /* APHSleepQualityOverviewViewController.xib */,
				F5D14F0219CC9BC900650FBB /* APHSleepQualityTaskViewController.h */,
				F5D14F0319CC9BC900650FBB /* APHSleepQualityTaskViewController.m */,
			);
			path = SleepQualityControllers;
			sourceTree = "<group>";
		};
		F5D14F0419CC9BC900650FBB /* SpecialSurveyControllers */ = {
			isa = PBXGroup;
			children = (
				F5D14F0519CC9BC900650FBB /* APHSpecialSurveyTaskViewController.h */,
				F5D14F0619CC9BC900650FBB /* APHSpecialSurveyTaskViewController.m */,
			);
			path = SpecialSurveyControllers;
			sourceTree = "<group>";
		};
		F5D14F0719CC9BC900650FBB /* TracingObjectControllers */ = {
			isa = PBXGroup;
			children = (
				F5D14F0819CC9BC900650FBB /* APHTracingObjectsOverviewViewController.h */,
				F5D14F0919CC9BC900650FBB /* APHTracingObjectsOverviewViewController.m */,
				F5D14F0A19CC9BC900650FBB /* APHTracingObjectsOverviewViewController.xib */,
				F5D14F0B19CC9BC900650FBB /* APHTracingObjectsTaskViewController.h */,
				F5D14F0C19CC9BC900650FBB /* APHTracingObjectsTaskViewController.m */,
			);
			path = TracingObjectControllers;
			sourceTree = "<group>";
		};
		F5D14F0D19CC9BC900650FBB /* WalkingControllers */ = {
			isa = PBXGroup;
			children = (
				F5D14F0E19CC9BC900650FBB /* APHWalkingOverviewViewController.h */,
				F5D14F0F19CC9BC900650FBB /* APHWalkingOverviewViewController.m */,
				F5D14F1019CC9BC900650FBB /* APHWalkingOverviewViewController.xib */,
				F5D14F1119CC9BC900650FBB /* APHWalkingResultsViewController.h */,
				F5D14F1219CC9BC900650FBB /* APHWalkingResultsViewController.m */,
				F5D14F1319CC9BC900650FBB /* APHWalkingResultsViewController.xib */,
				F5D14F1419CC9BC900650FBB /* APHWalkingStepsViewController.h */,
				F5D14F1519CC9BC900650FBB /* APHWalkingStepsViewController.m */,
				F5D14F1619CC9BC900650FBB /* APHWalkingStepsViewController.xib */,
				F5D14F1719CC9BC900650FBB /* APHWalkingTaskViewController.h */,
				F5D14F1819CC9BC900650FBB /* APHWalkingTaskViewController.m */,
			);
			path = WalkingControllers;
			sourceTree = "<group>";
		};
		F5D14F3619CC9C0000650FBB /* Startup */ = {
			isa = PBXGroup;
			children = (
				F5C1DC1F19D22E6F006527EA /* Main.storyboard */,
				F5DCAD3D19D088330096DEC0 /* LaunchScreen.xib */,
				F5D14F3719CC9C0000650FBB /* APHParkinsonAppDelegate.h */,
				F5D14F3819CC9C0000650FBB /* APHParkinsonAppDelegate.m */,
			);
			path = Startup;
			sourceTree = "<group>";
		};
/* End PBXGroup section */

/* Begin PBXNativeTarget section */
		CFC2D2D619A5417D00170E69 /* Parkinson */ = {
			isa = PBXNativeTarget;
			buildConfigurationList = CFC2D2F719A5417D00170E69 /* Build configuration list for PBXNativeTarget "Parkinson" */;
			buildPhases = (
				CFC2D2D319A5417D00170E69 /* Sources */,
				CFC2D2D419A5417D00170E69 /* Frameworks */,
				CFC2D2D519A5417D00170E69 /* Resources */,
				F5B2B88619D22C08007557A6 /* CopyFiles */,
			);
			buildRules = (
			);
			dependencies = (
				F5F6454419D35D66004CFBB2 /* PBXTargetDependency */,
				F5F6454A19D35D80004CFBB2 /* PBXTargetDependency */,
			);
			name = Parkinson;
			productName = Parkinson;
			productReference = CFC2D2D719A5417D00170E69 /* Parkinson.app */;
			productType = "com.apple.product-type.application";
		};
/* End PBXNativeTarget section */

/* Begin PBXProject section */
		CFC2D2CF19A5417D00170E69 /* Project object */ = {
			isa = PBXProject;
			attributes = {
				LastUpgradeCheck = 0600;
				ORGANIZATIONNAME = "Y Media Labs";
				TargetAttributes = {
					CFC2D2D619A5417D00170E69 = {
						CreatedOnToolsVersion = 6.0;
						DevelopmentTeam = NL3PRC58UN;
						SystemCapabilities = {
							com.apple.BackgroundModes = {
								enabled = 1;
							};
							com.apple.DataProtection = {
								enabled = 0;
							};
							com.apple.HealthKit = {
								enabled = 1;
							};
						};
					};
				};
			};
			buildConfigurationList = CFC2D2D219A5417D00170E69 /* Build configuration list for PBXProject "Parkinson" */;
			compatibilityVersion = "Xcode 3.2";
			developmentRegion = English;
			hasScannedForEncodings = 0;
			knownRegions = (
				en,
				Base,
			);
			mainGroup = CFC2D2CE19A5417D00170E69;
			productRefGroup = CFC2D2D819A5417D00170E69 /* Products */;
			projectDirPath = "";
			projectReferences = (
				{
					ProductGroup = F5B4211319D23A1200F9CD69 /* Products */;
					ProjectRef = F5B4211219D23A1200F9CD69 /* APCAppleCore.xcodeproj */;
				},
			);
			projectRoot = "";
			targets = (
				CFC2D2D619A5417D00170E69 /* Parkinson */,
			);
		};
/* End PBXProject section */

/* Begin PBXReferenceProxy section */
		F5B4211919D23A1200F9CD69 /* APCAppleCore.framework */ = {
			isa = PBXReferenceProxy;
			fileType = wrapper.framework;
			path = APCAppleCore.framework;
			remoteRef = F5B4211819D23A1200F9CD69 /* PBXContainerItemProxy */;
			sourceTree = BUILT_PRODUCTS_DIR;
		};
		F5B4211B19D23A1200F9CD69 /* APCAppleCoreTests.xctest */ = {
			isa = PBXReferenceProxy;
			fileType = wrapper.cfbundle;
			path = APCAppleCoreTests.xctest;
			remoteRef = F5B4211A19D23A1200F9CD69 /* PBXContainerItemProxy */;
			sourceTree = BUILT_PRODUCTS_DIR;
		};
/* End PBXReferenceProxy section */

/* Begin PBXResourcesBuildPhase section */
		CFC2D2D519A5417D00170E69 /* Resources */ = {
			isa = PBXResourcesBuildPhase;
			buildActionMask = 2147483647;
			files = (
				F5D14E4319CC991500650FBB /* APHTasksAndSchedules.json in Resources */,
				F5C1DC2019D22E6F006527EA /* Main.storyboard in Resources */,
				F5D14E4519CC991500650FBB /* sleepSurvey.json in Resources */,
				F5D14EBE19CC9B9100650FBB /* APHEditSectionsViewController.xib in Resources */,
				F5D14E4419CC991500650FBB /* JSON_READ_ME in Resources */,
				F5017E5119D1FC9500AC1F37 /* APHLearn.storyboard in Resources */,
				F5D14F2919CC9BC900650FBB /* APHSleepQualityOverviewViewController.xib in Resources */,
				F5D14F1F19CC9BC900650FBB /* APHIntervalTappingResultsViewController.xib in Resources */,
				F5D14F1D19CC9BC900650FBB /* APHIntervalTappingIntroViewController.xib in Resources */,
				F5017E5719D1FCF300AC1F37 /* APHHealthProfile.storyboard in Resources */,
				F5D14F3019CC9BC900650FBB /* APHWalkingOverviewViewController.xib in Resources */,
				F5D14F2119CC9BC900650FBB /* APHIntervalTappingStepsViewController.xib in Resources */,
				F5D14F2D19CC9BC900650FBB /* APHTracingObjectsOverviewViewController.xib in Resources */,
				F5D14E8C19CC9B8100650FBB /* APHSignupOptionsViewController.xib in Resources */,
				F5D14EC719CC9B9100650FBB /* APHLearnDetailViewController.xib in Resources */,
				F5DCAD3E19D088330096DEC0 /* LaunchScreen.xib in Resources */,
				F5D14ECF19CC9B9100650FBB /* APHSettingsTableFooterView.xib in Resources */,
				F5D14F3419CC9BC900650FBB /* APHWalkingStepsViewController.xib in Resources */,
				F5D14F2519CC9BC900650FBB /* APHChangedMedsOverviewViewController.xib in Resources */,
				F5017E5319D1FCA400AC1F37 /* APHDashboard.storyboard in Resources */,
				F5D14ECA19CC9B9100650FBB /* APHLearnDetailViewCell.xib in Resources */,
				F5D14E3E19CC98FD00650FBB /* intro.m4v in Resources */,
				F5017E5519D1FCB200AC1F37 /* APHActivities.storyboard in Resources */,
				CFC2D2E819A5417D00170E69 /* Images.xcassets in Resources */,
				F5D14F3219CC9BC900650FBB /* APHWalkingResultsViewController.xib in Resources */,
			);
			runOnlyForDeploymentPostprocessing = 0;
		};
/* End PBXResourcesBuildPhase section */

/* Begin PBXSourcesBuildPhase section */
		CFC2D2D319A5417D00170E69 /* Sources */ = {
			isa = PBXSourcesBuildPhase;
			buildActionMask = 2147483647;
			files = (
				F5D14E8D19CC9B8100650FBB /* APHUserInfoCell.m in Sources */,
				F5D14F2A19CC9BC900650FBB /* APHSleepQualityTaskViewController.m in Sources */,
				F5D14E8A19CC9B8100650FBB /* APHSignUpMedicalInfoViewController.m in Sources */,
				F5D14E8B19CC9B8100650FBB /* APHSignupOptionsViewController.m in Sources */,
				F5D14ECD19CC9B9100650FBB /* APHLearnResourceViewCell.m in Sources */,
				F5D14F2C19CC9BC900650FBB /* APHTracingObjectsOverviewViewController.m in Sources */,
				F5D14F3319CC9BC900650FBB /* APHWalkingStepsViewController.m in Sources */,
				F5D14F2719CC9BC900650FBB /* APHPhonationTaskViewController.m in Sources */,
				F5D14F1C19CC9BC900650FBB /* APHIntervalTappingIntroViewController.m in Sources */,
				F5D14F2419CC9BC900650FBB /* APHChangedMedsOverviewViewController.m in Sources */,
				F5D14E8919CC9B8100650FBB /* APHSignUpGeneralInfoViewController.m in Sources */,
				F5D14E8819CC9B8100650FBB /* APHSignInViewController.m in Sources */,
				F5D14F2219CC9BC900650FBB /* APHIntervalTappingTapView.m in Sources */,
				F5D14ED019CC9B9100650FBB /* APHSettingsViewController.m in Sources */,
				F5D14F3119CC9BC900650FBB /* APHWalkingResultsViewController.m in Sources */,
				F5D14F2B19CC9BC900650FBB /* APHSpecialSurveyTaskViewController.m in Sources */,
				F5D14F2619CC9BC900650FBB /* APHChangedMedsTaskViewController.m in Sources */,
				F5D14F3919CC9C0000650FBB /* APHParkinsonAppDelegate.m in Sources */,
				F5D14EDD19CC9BA700650FBB /* RKStep+Description.m in Sources */,
				F5D14F2E19CC9BC900650FBB /* APHTracingObjectsTaskViewController.m in Sources */,
				F5D14EC219CC9B9100650FBB /* APHDashboardMessageViewCell.m in Sources */,
				F5D14F2F19CC9BC900650FBB /* APHWalkingOverviewViewController.m in Sources */,
				F5D14EC619CC9B9100650FBB /* APHLearnDetailViewController.m in Sources */,
				F5D14ECB19CC9B9100650FBB /* APHLearnMasterTableViewCell.m in Sources */,
				F5D14EDE19CC9BA700650FBB /* UIColor+Parkinson.m in Sources */,
				F5D14EBF19CC9B9100650FBB /* APHDashboardViewController.m in Sources */,
				F5D14EC919CC9B9100650FBB /* APHLearnDetailViewCell.m in Sources */,
				F5D14F1E19CC9BC900650FBB /* APHIntervalTappingResultsViewController.m in Sources */,
				F5D14E8719CC9B8100650FBB /* APHIntroVideoViewController.m in Sources */,
				F5D14F1B19CC9BC900650FBB /* APHCustomRecorder.m in Sources */,
				F5D14F2019CC9BC900650FBB /* APHIntervalTappingStepsViewController.m in Sources */,
				F5D14F2319CC9BC900650FBB /* APHIntervalTappingTaskViewController.m in Sources */,
				F5D14F3519CC9BC900650FBB /* APHWalkingTaskViewController.m in Sources */,
				F5D14EDC19CC9BA700650FBB /* NSString+CustomMethods.m in Sources */,
				F5D14EC419CC9B9100650FBB /* APHDashboardProgressViewCell.m in Sources */,
				F5D14EC819CC9B9100650FBB /* APHLearnMasterViewController.m in Sources */,
				F5D14EC019CC9B9100650FBB /* APHDashboardGraphViewCell.m in Sources */,
				CFC2D2DD19A5417D00170E69 /* main.m in Sources */,
				F5D14F2819CC9BC900650FBB /* APHSleepQualityOverviewViewController.m in Sources */,
				F5D14EBD19CC9B9100650FBB /* APHEditSectionsViewController.m in Sources */,
				F5D14EBC19CC9B9100650FBB /* APHActivitiesViewController.m in Sources */,
			);
			runOnlyForDeploymentPostprocessing = 0;
		};
/* End PBXSourcesBuildPhase section */

/* Begin PBXTargetDependency section */
		F5F6454419D35D66004CFBB2 /* PBXTargetDependency */ = {
			isa = PBXTargetDependency;
			name = APCAppleCore;
			targetProxy = F5F6454319D35D66004CFBB2 /* PBXContainerItemProxy */;
		};
		F5F6454A19D35D80004CFBB2 /* PBXTargetDependency */ = {
			isa = PBXTargetDependency;
			name = APCAppleCore;
			targetProxy = F5F6454919D35D80004CFBB2 /* PBXContainerItemProxy */;
		};
/* End PBXTargetDependency section */

/* Begin XCBuildConfiguration section */
		CFC2D2F519A5417D00170E69 /* Debug */ = {
			isa = XCBuildConfiguration;
			buildSettings = {
				ALWAYS_SEARCH_USER_PATHS = NO;
				CLANG_CXX_LANGUAGE_STANDARD = "gnu++0x";
				CLANG_CXX_LIBRARY = "libc++";
				CLANG_ENABLE_MODULES = YES;
				CLANG_ENABLE_OBJC_ARC = YES;
				CLANG_WARN_BOOL_CONVERSION = YES;
				CLANG_WARN_CONSTANT_CONVERSION = YES;
				CLANG_WARN_DIRECT_OBJC_ISA_USAGE = YES_ERROR;
				CLANG_WARN_EMPTY_BODY = YES;
				CLANG_WARN_ENUM_CONVERSION = YES;
				CLANG_WARN_INT_CONVERSION = YES;
				CLANG_WARN_OBJC_ROOT_CLASS = YES_ERROR;
				CLANG_WARN_UNREACHABLE_CODE = YES;
				CLANG_WARN__DUPLICATE_METHOD_MATCH = YES;
				"CODE_SIGN_IDENTITY[sdk=iphoneos*]" = "iPhone Developer";
				COPY_PHASE_STRIP = NO;
				ENABLE_STRICT_OBJC_MSGSEND = YES;
				GCC_C_LANGUAGE_STANDARD = gnu99;
				GCC_DYNAMIC_NO_PIC = NO;
				GCC_OPTIMIZATION_LEVEL = 0;
				GCC_PREPROCESSOR_DEFINITIONS = (
					"DEBUG=1",
					"$(inherited)",
				);
				GCC_SYMBOLS_PRIVATE_EXTERN = NO;
				GCC_WARN_64_TO_32_BIT_CONVERSION = YES;
				GCC_WARN_ABOUT_RETURN_TYPE = YES_ERROR;
				GCC_WARN_UNDECLARED_SELECTOR = YES;
				GCC_WARN_UNINITIALIZED_AUTOS = YES_AGGRESSIVE;
				GCC_WARN_UNUSED_FUNCTION = YES;
				GCC_WARN_UNUSED_VARIABLE = YES;
				IPHONEOS_DEPLOYMENT_TARGET = 8.0;
				MTL_ENABLE_DEBUG_INFO = YES;
				ONLY_ACTIVE_ARCH = YES;
				SDKROOT = iphoneos;
			};
			name = Debug;
		};
		CFC2D2F619A5417D00170E69 /* Release */ = {
			isa = XCBuildConfiguration;
			buildSettings = {
				ALWAYS_SEARCH_USER_PATHS = NO;
				CLANG_CXX_LANGUAGE_STANDARD = "gnu++0x";
				CLANG_CXX_LIBRARY = "libc++";
				CLANG_ENABLE_MODULES = YES;
				CLANG_ENABLE_OBJC_ARC = YES;
				CLANG_WARN_BOOL_CONVERSION = YES;
				CLANG_WARN_CONSTANT_CONVERSION = YES;
				CLANG_WARN_DIRECT_OBJC_ISA_USAGE = YES_ERROR;
				CLANG_WARN_EMPTY_BODY = YES;
				CLANG_WARN_ENUM_CONVERSION = YES;
				CLANG_WARN_INT_CONVERSION = YES;
				CLANG_WARN_OBJC_ROOT_CLASS = YES_ERROR;
				CLANG_WARN_UNREACHABLE_CODE = YES;
				CLANG_WARN__DUPLICATE_METHOD_MATCH = YES;
				"CODE_SIGN_IDENTITY[sdk=iphoneos*]" = "iPhone Developer";
				COPY_PHASE_STRIP = YES;
				ENABLE_NS_ASSERTIONS = NO;
				ENABLE_STRICT_OBJC_MSGSEND = YES;
				GCC_C_LANGUAGE_STANDARD = gnu99;
				GCC_WARN_64_TO_32_BIT_CONVERSION = YES;
				GCC_WARN_ABOUT_RETURN_TYPE = YES_ERROR;
				GCC_WARN_UNDECLARED_SELECTOR = YES;
				GCC_WARN_UNINITIALIZED_AUTOS = YES_AGGRESSIVE;
				GCC_WARN_UNUSED_FUNCTION = YES;
				GCC_WARN_UNUSED_VARIABLE = YES;
				IPHONEOS_DEPLOYMENT_TARGET = 8.0;
				MTL_ENABLE_DEBUG_INFO = NO;
				SDKROOT = iphoneos;
				VALIDATE_PRODUCT = YES;
			};
			name = Release;
		};
		CFC2D2F819A5417D00170E69 /* Debug */ = {
			isa = XCBuildConfiguration;
			buildSettings = {
				ASSETCATALOG_COMPILER_APPICON_NAME = AppIcon;
				ASSETCATALOG_COMPILER_LAUNCHIMAGE_NAME = LaunchImage;
				CLANG_ALLOW_NON_MODULAR_INCLUDES_IN_FRAMEWORK_MODULES = YES;
				CODE_SIGN_ENTITLEMENTS = Parkinson/Parkinson.entitlements;
				CODE_SIGN_IDENTITY = "iPhone Developer";
				"CODE_SIGN_IDENTITY[sdk=iphoneos*]" = "iPhone Developer";
				FRAMEWORK_SEARCH_PATHS = (
					"$(inhertited)",
					"$(PROJECT_DIR)/AppleCore/APCAppleCore/ResearchKit",
				);
				INFOPLIST_FILE = Parkinson/Info.plist;
				LD_RUNPATH_SEARCH_PATHS = "$(inherited) @executable_path/Frameworks";
				OTHER_LDFLAGS = "";
				PRODUCT_NAME = "$(TARGET_NAME)";
				PROVISIONING_PROFILE = "";
				USER_HEADER_SEARCH_PATHS = "";
			};
			name = Debug;
		};
		CFC2D2F919A5417D00170E69 /* Release */ = {
			isa = XCBuildConfiguration;
			buildSettings = {
				ASSETCATALOG_COMPILER_APPICON_NAME = AppIcon;
				ASSETCATALOG_COMPILER_LAUNCHIMAGE_NAME = LaunchImage;
				CLANG_ALLOW_NON_MODULAR_INCLUDES_IN_FRAMEWORK_MODULES = YES;
				CODE_SIGN_ENTITLEMENTS = Parkinson/Parkinson.entitlements;
				CODE_SIGN_IDENTITY = "iPhone Developer";
				"CODE_SIGN_IDENTITY[sdk=iphoneos*]" = "iPhone Developer";
				FRAMEWORK_SEARCH_PATHS = (
					"$(inhertited)",
					"$(PROJECT_DIR)/AppleCore/APCAppleCore/ResearchKit",
				);
				INFOPLIST_FILE = Parkinson/Info.plist;
				LD_RUNPATH_SEARCH_PATHS = "$(inherited) @executable_path/Frameworks";
				OTHER_LDFLAGS = "";
				PRODUCT_NAME = "$(TARGET_NAME)";
				PROVISIONING_PROFILE = "";
				USER_HEADER_SEARCH_PATHS = "";
			};
			name = Release;
		};
/* End XCBuildConfiguration section */

/* Begin XCConfigurationList section */
		CFC2D2D219A5417D00170E69 /* Build configuration list for PBXProject "Parkinson" */ = {
			isa = XCConfigurationList;
			buildConfigurations = (
				CFC2D2F519A5417D00170E69 /* Debug */,
				CFC2D2F619A5417D00170E69 /* Release */,
			);
			defaultConfigurationIsVisible = 0;
			defaultConfigurationName = Release;
		};
		CFC2D2F719A5417D00170E69 /* Build configuration list for PBXNativeTarget "Parkinson" */ = {
			isa = XCConfigurationList;
			buildConfigurations = (
				CFC2D2F819A5417D00170E69 /* Debug */,
				CFC2D2F919A5417D00170E69 /* Release */,
			);
			defaultConfigurationIsVisible = 0;
			defaultConfigurationName = Release;
		};
/* End XCConfigurationList section */
	};
	rootObject = CFC2D2CF19A5417D00170E69 /* Project object */;
}
