// !$*UTF8*$!
{
	archiveVersion = 1;
	classes = {
	};
	objectVersion = 46;
	objects = {

/* Begin PBXBuildFile section */
		CFA2ABB619A7C229000DB961 /* HealthKit.framework in Frameworks */ = {isa = PBXBuildFile; fileRef = CFA2ABB519A7C229000DB961 /* HealthKit.framework */; };
		CFA2ABBC19A7C3A9000DB961 /* CoreData.framework in Frameworks */ = {isa = PBXBuildFile; fileRef = CFA2ABBB19A7C3A9000DB961 /* CoreData.framework */; };
		CFA2ABBE19A7C3C2000DB961 /* Security.framework in Frameworks */ = {isa = PBXBuildFile; fileRef = CFA2ABBD19A7C3C2000DB961 /* Security.framework */; };
		CFA2ABC019A7C3EB000DB961 /* AVFoundation.framework in Frameworks */ = {isa = PBXBuildFile; fileRef = CFA2ABBF19A7C3EB000DB961 /* AVFoundation.framework */; };
		CFA2ABC219A7C431000DB961 /* libz.dylib in Frameworks */ = {isa = PBXBuildFile; fileRef = CFA2ABC119A7C431000DB961 /* libz.dylib */; };
		CFA2ABC419A7C446000DB961 /* libarchive.dylib in Frameworks */ = {isa = PBXBuildFile; fileRef = CFA2ABC319A7C446000DB961 /* libarchive.dylib */; };
		CFC2D2DD19A5417D00170E69 /* main.m in Sources */ = {isa = PBXBuildFile; fileRef = CFC2D2DC19A5417D00170E69 /* main.m */; };
		CFC2D2E019A5417D00170E69 /* APHParkinsonAppDelegate.m in Sources */ = {isa = PBXBuildFile; fileRef = CFC2D2DF19A5417D00170E69 /* APHParkinsonAppDelegate.m */; };
		CFC2D2E619A5417D00170E69 /* Main.storyboard in Resources */ = {isa = PBXBuildFile; fileRef = CFC2D2E419A5417D00170E69 /* Main.storyboard */; };
		CFC2D2E819A5417D00170E69 /* Images.xcassets in Resources */ = {isa = PBXBuildFile; fileRef = CFC2D2E719A5417D00170E69 /* Images.xcassets */; };
		CFC2D2F419A5417D00170E69 /* ParkinsonTests.m in Sources */ = {isa = PBXBuildFile; fileRef = CFC2D2F319A5417D00170E69 /* ParkinsonTests.m */; };
		CFC2D30819A55B8000170E69 /* NSString+CustomMethods.m in Sources */ = {isa = PBXBuildFile; fileRef = CFC2D30719A55B8000170E69 /* NSString+CustomMethods.m */; };
		CFF32DFA19ACF59D00DBEDBD /* APHActivitiesTableViewCell.m in Sources */ = {isa = PBXBuildFile; fileRef = CFF32DF419ACF59D00DBEDBD /* APHActivitiesTableViewCell.m */; };
		CFF32DFB19ACF59D00DBEDBD /* APHActivitiesTableViewCell.xib in Resources */ = {isa = PBXBuildFile; fileRef = CFF32DF519ACF59D00DBEDBD /* APHActivitiesTableViewCell.xib */; };
		CFF32DFC19ACF59D00DBEDBD /* APHActivitiesViewController.m in Sources */ = {isa = PBXBuildFile; fileRef = CFF32DF719ACF59D00DBEDBD /* APHActivitiesViewController.m */; };
		CFF32DFD19ACF59D00DBEDBD /* APHStepViewController.m in Sources */ = {isa = PBXBuildFile; fileRef = CFF32DF919ACF59D00DBEDBD /* APHStepViewController.m */; };
		CFF32E0719ACF5BF00DBEDBD /* APHWalkingOverviewViewController.m in Sources */ = {isa = PBXBuildFile; fileRef = CFF32DFF19ACF5BF00DBEDBD /* APHWalkingOverviewViewController.m */; };
		CFF32E0819ACF5BF00DBEDBD /* APHWalkingOverviewViewController.xib in Resources */ = {isa = PBXBuildFile; fileRef = CFF32E0019ACF5BF00DBEDBD /* APHWalkingOverviewViewController.xib */; };
		CFF32E0919ACF5BF00DBEDBD /* APHWalkingResultsViewController.m in Sources */ = {isa = PBXBuildFile; fileRef = CFF32E0219ACF5BF00DBEDBD /* APHWalkingResultsViewController.m */; };
		CFF32E0A19ACF5BF00DBEDBD /* APHWalkingResultsViewController.xib in Resources */ = {isa = PBXBuildFile; fileRef = CFF32E0319ACF5BF00DBEDBD /* APHWalkingResultsViewController.xib */; };
		CFF32E0B19ACF5BF00DBEDBD /* APHWalkingStepsViewController.m in Sources */ = {isa = PBXBuildFile; fileRef = CFF32E0519ACF5BF00DBEDBD /* APHWalkingStepsViewController.m */; };
		CFF32E0C19ACF5BF00DBEDBD /* APHWalkingStepsViewController.xib in Resources */ = {isa = PBXBuildFile; fileRef = CFF32E0619ACF5BF00DBEDBD /* APHWalkingStepsViewController.xib */; };
		CFF32E1019ACF5DE00DBEDBD /* APHPhonationOverviewViewController.m in Sources */ = {isa = PBXBuildFile; fileRef = CFF32E0E19ACF5DE00DBEDBD /* APHPhonationOverviewViewController.m */; };
		CFF32E1119ACF5DE00DBEDBD /* APHPhonationOverviewViewController.xib in Resources */ = {isa = PBXBuildFile; fileRef = CFF32E0F19ACF5DE00DBEDBD /* APHPhonationOverviewViewController.xib */; };
		CFF32E1519ACF5F200DBEDBD /* APHSleepQualityOverviewViewController.m in Sources */ = {isa = PBXBuildFile; fileRef = CFF32E1319ACF5F200DBEDBD /* APHSleepQualityOverviewViewController.m */; };
		CFF32E1619ACF5F200DBEDBD /* APHSleepQualityOverviewViewController.xib in Resources */ = {isa = PBXBuildFile; fileRef = CFF32E1419ACF5F200DBEDBD /* APHSleepQualityOverviewViewController.xib */; };
		CFF32E1A19ACF62400DBEDBD /* APHChangedMedsOverviewViewController.m in Sources */ = {isa = PBXBuildFile; fileRef = CFF32E1819ACF62400DBEDBD /* APHChangedMedsOverviewViewController.m */; };
		CFF32E1B19ACF62400DBEDBD /* APHChangedMedsOverviewViewController.xib in Resources */ = {isa = PBXBuildFile; fileRef = CFF32E1919ACF62400DBEDBD /* APHChangedMedsOverviewViewController.xib */; };
		CFF32E1F19ACF63400DBEDBD /* APHIntervalOverviewViewController.m in Sources */ = {isa = PBXBuildFile; fileRef = CFF32E1D19ACF63400DBEDBD /* APHIntervalOverviewViewController.m */; };
		CFF32E2019ACF63400DBEDBD /* APHIntervalOverviewViewController.xib in Resources */ = {isa = PBXBuildFile; fileRef = CFF32E1E19ACF63400DBEDBD /* APHIntervalOverviewViewController.xib */; };
		CFF32E2419ACF64500DBEDBD /* APHTracingOverviewViewController.m in Sources */ = {isa = PBXBuildFile; fileRef = CFF32E2219ACF64500DBEDBD /* APHTracingOverviewViewController.m */; };
		CFF32E2519ACF64500DBEDBD /* APHTracingOverviewViewController.xib in Resources */ = {isa = PBXBuildFile; fileRef = CFF32E2319ACF64500DBEDBD /* APHTracingOverviewViewController.xib */; };
		CFF32E2819ACF65A00DBEDBD /* APHConfirmationView.m in Sources */ = {isa = PBXBuildFile; fileRef = CFF32E2719ACF65A00DBEDBD /* APHConfirmationView.m */; };
		F5241C9519AD4CD20098A4DF /* ResearchKit.framework in Frameworks */ = {isa = PBXBuildFile; fileRef = F5241C9319AD4CD20098A4DF /* ResearchKit.framework */; };
		F5241C9619AD4CD20098A4DF /* ResearchKit.bundle in Resources */ = {isa = PBXBuildFile; fileRef = F5241C9419AD4CD20098A4DF /* ResearchKit.bundle */; };
		F5E4871919ABB69D00C86FC6 /* libAPCAppleCore.a in Frameworks */ = {isa = PBXBuildFile; fileRef = 743E6F9F19A802E20074EDB4 /* libAPCAppleCore.a */; };
		F5E4874819ABE1E700C86FC6 /* APCAppleCoreBundle.bundle in Resources */ = {isa = PBXBuildFile; fileRef = F5E4874719ABE1E700C86FC6 /* APCAppleCoreBundle.bundle */; };
/* End PBXBuildFile section */

/* Begin PBXContainerItemProxy section */
		743E6F9E19A802E20074EDB4 /* PBXContainerItemProxy */ = {
			isa = PBXContainerItemProxy;
			containerPortal = 743E6F9919A802E20074EDB4 /* APCAppleCore.xcodeproj */;
			proxyType = 2;
			remoteGlobalIDString = F5DAB552199EBFF6008E4A8E;
			remoteInfo = APCAppleCore;
		};
		743E6FA019A802E20074EDB4 /* PBXContainerItemProxy */ = {
			isa = PBXContainerItemProxy;
			containerPortal = 743E6F9919A802E20074EDB4 /* APCAppleCore.xcodeproj */;
			proxyType = 2;
			remoteGlobalIDString = F5DAB55D199EBFF6008E4A8E;
			remoteInfo = APCAppleCoreTests;
		};
		743E6FA219A802F60074EDB4 /* PBXContainerItemProxy */ = {
			isa = PBXContainerItemProxy;
			containerPortal = 743E6F9919A802E20074EDB4 /* APCAppleCore.xcodeproj */;
			proxyType = 1;
			remoteGlobalIDString = F5DAB551199EBFF6008E4A8E;
			remoteInfo = APCAppleCore;
		};
		CFC2D2EE19A5417D00170E69 /* PBXContainerItemProxy */ = {
			isa = PBXContainerItemProxy;
			containerPortal = CFC2D2CF19A5417D00170E69 /* Project object */;
			proxyType = 1;
			remoteGlobalIDString = CFC2D2D619A5417D00170E69;
			remoteInfo = Parkinson;
		};
		F5241C4519ABF24D0098A4DF /* PBXContainerItemProxy */ = {
			isa = PBXContainerItemProxy;
			containerPortal = 743E6F9919A802E20074EDB4 /* APCAppleCore.xcodeproj */;
			proxyType = 1;
			remoteGlobalIDString = F5E4873B19ABE18000C86FC6;
			remoteInfo = APCAppleCoreBundle;
		};
		F5E4874619ABE1E700C86FC6 /* PBXContainerItemProxy */ = {
			isa = PBXContainerItemProxy;
			containerPortal = 743E6F9919A802E20074EDB4 /* APCAppleCore.xcodeproj */;
			proxyType = 2;
			remoteGlobalIDString = F5E4873C19ABE18000C86FC6;
			remoteInfo = APCAppleCoreBundle;
		};
/* End PBXContainerItemProxy section */

/* Begin PBXFileReference section */
		743E6F9919A802E20074EDB4 /* APCAppleCore.xcodeproj */ = {isa = PBXFileReference; lastKnownFileType = "wrapper.pb-project"; name = APCAppleCore.xcodeproj; path = AppleCore/APCAppleCore/APCAppleCore.xcodeproj; sourceTree = SOURCE_ROOT; };
		CFA2ABB519A7C229000DB961 /* HealthKit.framework */ = {isa = PBXFileReference; lastKnownFileType = wrapper.framework; name = HealthKit.framework; path = System/Library/Frameworks/HealthKit.framework; sourceTree = SDKROOT; };
		CFA2ABBB19A7C3A9000DB961 /* CoreData.framework */ = {isa = PBXFileReference; lastKnownFileType = wrapper.framework; name = CoreData.framework; path = System/Library/Frameworks/CoreData.framework; sourceTree = SDKROOT; };
		CFA2ABBD19A7C3C2000DB961 /* Security.framework */ = {isa = PBXFileReference; lastKnownFileType = wrapper.framework; name = Security.framework; path = System/Library/Frameworks/Security.framework; sourceTree = SDKROOT; };
		CFA2ABBF19A7C3EB000DB961 /* AVFoundation.framework */ = {isa = PBXFileReference; lastKnownFileType = wrapper.framework; name = AVFoundation.framework; path = System/Library/Frameworks/AVFoundation.framework; sourceTree = SDKROOT; };
		CFA2ABC119A7C431000DB961 /* libz.dylib */ = {isa = PBXFileReference; lastKnownFileType = "compiled.mach-o.dylib"; name = libz.dylib; path = usr/lib/libz.dylib; sourceTree = SDKROOT; };
		CFA2ABC319A7C446000DB961 /* libarchive.dylib */ = {isa = PBXFileReference; lastKnownFileType = "compiled.mach-o.dylib"; name = libarchive.dylib; path = usr/lib/libarchive.dylib; sourceTree = SDKROOT; };
		CFC2D2D719A5417D00170E69 /* Parkinson.app */ = {isa = PBXFileReference; explicitFileType = wrapper.application; includeInIndex = 0; path = Parkinson.app; sourceTree = BUILT_PRODUCTS_DIR; };
		CFC2D2DB19A5417D00170E69 /* Info.plist */ = {isa = PBXFileReference; lastKnownFileType = text.plist.xml; path = Info.plist; sourceTree = "<group>"; };
		CFC2D2DC19A5417D00170E69 /* main.m */ = {isa = PBXFileReference; lastKnownFileType = sourcecode.c.objc; path = main.m; sourceTree = "<group>"; };
		CFC2D2DE19A5417D00170E69 /* APHParkinsonAppDelegate.h */ = {isa = PBXFileReference; lastKnownFileType = sourcecode.c.h; path = APHParkinsonAppDelegate.h; sourceTree = "<group>"; };
		CFC2D2DF19A5417D00170E69 /* APHParkinsonAppDelegate.m */ = {isa = PBXFileReference; lastKnownFileType = sourcecode.c.objc; path = APHParkinsonAppDelegate.m; sourceTree = "<group>"; };
		CFC2D2E519A5417D00170E69 /* Base */ = {isa = PBXFileReference; lastKnownFileType = file.storyboard; name = Base; path = Base.lproj/Main.storyboard; sourceTree = "<group>"; };
		CFC2D2E719A5417D00170E69 /* Images.xcassets */ = {isa = PBXFileReference; lastKnownFileType = folder.assetcatalog; name = Images.xcassets; path = Parkinson/Images.xcassets; sourceTree = "<group>"; };
		CFC2D2ED19A5417D00170E69 /* ParkinsonTests.xctest */ = {isa = PBXFileReference; explicitFileType = wrapper.cfbundle; includeInIndex = 0; path = ParkinsonTests.xctest; sourceTree = BUILT_PRODUCTS_DIR; };
		CFC2D2F219A5417D00170E69 /* Info.plist */ = {isa = PBXFileReference; lastKnownFileType = text.plist.xml; path = Info.plist; sourceTree = "<group>"; };
		CFC2D2F319A5417D00170E69 /* ParkinsonTests.m */ = {isa = PBXFileReference; lastKnownFileType = sourcecode.c.objc; path = ParkinsonTests.m; sourceTree = "<group>"; };
		CFC2D30619A55B8000170E69 /* NSString+CustomMethods.h */ = {isa = PBXFileReference; fileEncoding = 4; lastKnownFileType = sourcecode.c.h; path = "NSString+CustomMethods.h"; sourceTree = "<group>"; };
		CFC2D30719A55B8000170E69 /* NSString+CustomMethods.m */ = {isa = PBXFileReference; fileEncoding = 4; lastKnownFileType = sourcecode.c.objc; path = "NSString+CustomMethods.m"; sourceTree = "<group>"; };
		CFF32DF319ACF59D00DBEDBD /* APHActivitiesTableViewCell.h */ = {isa = PBXFileReference; fileEncoding = 4; lastKnownFileType = sourcecode.c.h; path = APHActivitiesTableViewCell.h; sourceTree = "<group>"; };
		CFF32DF419ACF59D00DBEDBD /* APHActivitiesTableViewCell.m */ = {isa = PBXFileReference; fileEncoding = 4; lastKnownFileType = sourcecode.c.objc; path = APHActivitiesTableViewCell.m; sourceTree = "<group>"; };
		CFF32DF519ACF59D00DBEDBD /* APHActivitiesTableViewCell.xib */ = {isa = PBXFileReference; fileEncoding = 4; lastKnownFileType = file.xib; path = APHActivitiesTableViewCell.xib; sourceTree = "<group>"; };
		CFF32DF619ACF59D00DBEDBD /* APHActivitiesViewController.h */ = {isa = PBXFileReference; fileEncoding = 4; lastKnownFileType = sourcecode.c.h; path = APHActivitiesViewController.h; sourceTree = "<group>"; };
		CFF32DF719ACF59D00DBEDBD /* APHActivitiesViewController.m */ = {isa = PBXFileReference; fileEncoding = 4; lastKnownFileType = sourcecode.c.objc; path = APHActivitiesViewController.m; sourceTree = "<group>"; };
		CFF32DF819ACF59D00DBEDBD /* APHStepViewController.h */ = {isa = PBXFileReference; fileEncoding = 4; lastKnownFileType = sourcecode.c.h; path = APHStepViewController.h; sourceTree = "<group>"; };
		CFF32DF919ACF59D00DBEDBD /* APHStepViewController.m */ = {isa = PBXFileReference; fileEncoding = 4; lastKnownFileType = sourcecode.c.objc; path = APHStepViewController.m; sourceTree = "<group>"; };
		CFF32DFE19ACF5BF00DBEDBD /* APHWalkingOverviewViewController.h */ = {isa = PBXFileReference; fileEncoding = 4; lastKnownFileType = sourcecode.c.h; path = APHWalkingOverviewViewController.h; sourceTree = "<group>"; };
		CFF32DFF19ACF5BF00DBEDBD /* APHWalkingOverviewViewController.m */ = {isa = PBXFileReference; fileEncoding = 4; lastKnownFileType = sourcecode.c.objc; path = APHWalkingOverviewViewController.m; sourceTree = "<group>"; };
		CFF32E0019ACF5BF00DBEDBD /* APHWalkingOverviewViewController.xib */ = {isa = PBXFileReference; fileEncoding = 4; lastKnownFileType = file.xib; path = APHWalkingOverviewViewController.xib; sourceTree = "<group>"; };
		CFF32E0119ACF5BF00DBEDBD /* APHWalkingResultsViewController.h */ = {isa = PBXFileReference; fileEncoding = 4; lastKnownFileType = sourcecode.c.h; path = APHWalkingResultsViewController.h; sourceTree = "<group>"; };
		CFF32E0219ACF5BF00DBEDBD /* APHWalkingResultsViewController.m */ = {isa = PBXFileReference; fileEncoding = 4; lastKnownFileType = sourcecode.c.objc; path = APHWalkingResultsViewController.m; sourceTree = "<group>"; };
		CFF32E0319ACF5BF00DBEDBD /* APHWalkingResultsViewController.xib */ = {isa = PBXFileReference; fileEncoding = 4; lastKnownFileType = file.xib; path = APHWalkingResultsViewController.xib; sourceTree = "<group>"; };
		CFF32E0419ACF5BF00DBEDBD /* APHWalkingStepsViewController.h */ = {isa = PBXFileReference; fileEncoding = 4; lastKnownFileType = sourcecode.c.h; path = APHWalkingStepsViewController.h; sourceTree = "<group>"; };
		CFF32E0519ACF5BF00DBEDBD /* APHWalkingStepsViewController.m */ = {isa = PBXFileReference; fileEncoding = 4; lastKnownFileType = sourcecode.c.objc; path = APHWalkingStepsViewController.m; sourceTree = "<group>"; };
		CFF32E0619ACF5BF00DBEDBD /* APHWalkingStepsViewController.xib */ = {isa = PBXFileReference; fileEncoding = 4; lastKnownFileType = file.xib; path = APHWalkingStepsViewController.xib; sourceTree = "<group>"; };
		CFF32E0D19ACF5DE00DBEDBD /* APHPhonationOverviewViewController.h */ = {isa = PBXFileReference; fileEncoding = 4; lastKnownFileType = sourcecode.c.h; path = APHPhonationOverviewViewController.h; sourceTree = "<group>"; };
		CFF32E0E19ACF5DE00DBEDBD /* APHPhonationOverviewViewController.m */ = {isa = PBXFileReference; fileEncoding = 4; lastKnownFileType = sourcecode.c.objc; path = APHPhonationOverviewViewController.m; sourceTree = "<group>"; };
		CFF32E0F19ACF5DE00DBEDBD /* APHPhonationOverviewViewController.xib */ = {isa = PBXFileReference; fileEncoding = 4; lastKnownFileType = file.xib; path = APHPhonationOverviewViewController.xib; sourceTree = "<group>"; };
		CFF32E1219ACF5F200DBEDBD /* APHSleepQualityOverviewViewController.h */ = {isa = PBXFileReference; fileEncoding = 4; lastKnownFileType = sourcecode.c.h; path = APHSleepQualityOverviewViewController.h; sourceTree = "<group>"; };
		CFF32E1319ACF5F200DBEDBD /* APHSleepQualityOverviewViewController.m */ = {isa = PBXFileReference; fileEncoding = 4; lastKnownFileType = sourcecode.c.objc; path = APHSleepQualityOverviewViewController.m; sourceTree = "<group>"; };
		CFF32E1419ACF5F200DBEDBD /* APHSleepQualityOverviewViewController.xib */ = {isa = PBXFileReference; fileEncoding = 4; lastKnownFileType = file.xib; path = APHSleepQualityOverviewViewController.xib; sourceTree = "<group>"; };
		CFF32E1719ACF62400DBEDBD /* APHChangedMedsOverviewViewController.h */ = {isa = PBXFileReference; fileEncoding = 4; lastKnownFileType = sourcecode.c.h; path = APHChangedMedsOverviewViewController.h; sourceTree = "<group>"; };
		CFF32E1819ACF62400DBEDBD /* APHChangedMedsOverviewViewController.m */ = {isa = PBXFileReference; fileEncoding = 4; lastKnownFileType = sourcecode.c.objc; path = APHChangedMedsOverviewViewController.m; sourceTree = "<group>"; };
		CFF32E1919ACF62400DBEDBD /* APHChangedMedsOverviewViewController.xib */ = {isa = PBXFileReference; fileEncoding = 4; lastKnownFileType = file.xib; path = APHChangedMedsOverviewViewController.xib; sourceTree = "<group>"; };
		CFF32E1C19ACF63400DBEDBD /* APHIntervalOverviewViewController.h */ = {isa = PBXFileReference; fileEncoding = 4; lastKnownFileType = sourcecode.c.h; path = APHIntervalOverviewViewController.h; sourceTree = "<group>"; };
		CFF32E1D19ACF63400DBEDBD /* APHIntervalOverviewViewController.m */ = {isa = PBXFileReference; fileEncoding = 4; lastKnownFileType = sourcecode.c.objc; path = APHIntervalOverviewViewController.m; sourceTree = "<group>"; };
		CFF32E1E19ACF63400DBEDBD /* APHIntervalOverviewViewController.xib */ = {isa = PBXFileReference; fileEncoding = 4; lastKnownFileType = file.xib; path = APHIntervalOverviewViewController.xib; sourceTree = "<group>"; };
		CFF32E2119ACF64500DBEDBD /* APHTracingOverviewViewController.h */ = {isa = PBXFileReference; fileEncoding = 4; lastKnownFileType = sourcecode.c.h; path = APHTracingOverviewViewController.h; sourceTree = "<group>"; };
		CFF32E2219ACF64500DBEDBD /* APHTracingOverviewViewController.m */ = {isa = PBXFileReference; fileEncoding = 4; lastKnownFileType = sourcecode.c.objc; path = APHTracingOverviewViewController.m; sourceTree = "<group>"; };
		CFF32E2319ACF64500DBEDBD /* APHTracingOverviewViewController.xib */ = {isa = PBXFileReference; fileEncoding = 4; lastKnownFileType = file.xib; path = APHTracingOverviewViewController.xib; sourceTree = "<group>"; };
		CFF32E2619ACF65A00DBEDBD /* APHConfirmationView.h */ = {isa = PBXFileReference; fileEncoding = 4; lastKnownFileType = sourcecode.c.h; path = APHConfirmationView.h; sourceTree = "<group>"; };
		CFF32E2719ACF65A00DBEDBD /* APHConfirmationView.m */ = {isa = PBXFileReference; fileEncoding = 4; lastKnownFileType = sourcecode.c.objc; path = APHConfirmationView.m; sourceTree = "<group>"; };
		F5241C9319AD4CD20098A4DF /* ResearchKit.framework */ = {isa = PBXFileReference; lastKnownFileType = wrapper.framework; name = ResearchKit.framework; path = AppleCore/APCAppleCore/ResearchKit/ResearchKit.framework; sourceTree = SOURCE_ROOT; };
		F5241C9419AD4CD20098A4DF /* ResearchKit.bundle */ = {isa = PBXFileReference; lastKnownFileType = "wrapper.plug-in"; name = ResearchKit.bundle; path = AppleCore/APCAppleCore/ResearchKit/ResearchKit.bundle; sourceTree = SOURCE_ROOT; };
/* End PBXFileReference section */

/* Begin PBXFrameworksBuildPhase section */
		CFC2D2D419A5417D00170E69 /* Frameworks */ = {
			isa = PBXFrameworksBuildPhase;
			buildActionMask = 2147483647;
			files = (
				F5E4871919ABB69D00C86FC6 /* libAPCAppleCore.a in Frameworks */,
				CFA2ABC419A7C446000DB961 /* libarchive.dylib in Frameworks */,
				CFA2ABC219A7C431000DB961 /* libz.dylib in Frameworks */,
				CFA2ABC019A7C3EB000DB961 /* AVFoundation.framework in Frameworks */,
				CFA2ABBE19A7C3C2000DB961 /* Security.framework in Frameworks */,
				CFA2ABBC19A7C3A9000DB961 /* CoreData.framework in Frameworks */,
				F5241C9519AD4CD20098A4DF /* ResearchKit.framework in Frameworks */,
				CFA2ABB619A7C229000DB961 /* HealthKit.framework in Frameworks */,
			);
			runOnlyForDeploymentPostprocessing = 0;
		};
		CFC2D2EA19A5417D00170E69 /* Frameworks */ = {
			isa = PBXFrameworksBuildPhase;
			buildActionMask = 2147483647;
			files = (
			);
			runOnlyForDeploymentPostprocessing = 0;
		};
/* End PBXFrameworksBuildPhase section */

/* Begin PBXGroup section */
		743E6F9A19A802E20074EDB4 /* Products */ = {
			isa = PBXGroup;
			children = (
				743E6F9F19A802E20074EDB4 /* libAPCAppleCore.a */,
				743E6FA119A802E20074EDB4 /* APCAppleCoreTests.xctest */,
				F5E4874719ABE1E700C86FC6 /* APCAppleCoreBundle.bundle */,
			);
			name = Products;
			sourceTree = "<group>";
		};
		CF1BA8F019A56BB000AA27B1 /* Timed Walking Activities */ = {
			isa = PBXGroup;
			children = (
				CFF32DFE19ACF5BF00DBEDBD /* APHWalkingOverviewViewController.h */,
				CFF32DFF19ACF5BF00DBEDBD /* APHWalkingOverviewViewController.m */,
				CFF32E0019ACF5BF00DBEDBD /* APHWalkingOverviewViewController.xib */,
				CFF32E0119ACF5BF00DBEDBD /* APHWalkingResultsViewController.h */,
				CFF32E0219ACF5BF00DBEDBD /* APHWalkingResultsViewController.m */,
				CFF32E0319ACF5BF00DBEDBD /* APHWalkingResultsViewController.xib */,
				CFF32E0419ACF5BF00DBEDBD /* APHWalkingStepsViewController.h */,
				CFF32E0519ACF5BF00DBEDBD /* APHWalkingStepsViewController.m */,
				CFF32E0619ACF5BF00DBEDBD /* APHWalkingStepsViewController.xib */,
			);
			name = "Timed Walking Activities";
			sourceTree = "<group>";
		};
		CF1BA8F119A56C0500AA27B1 /* Custom Views */ = {
			isa = PBXGroup;
			children = (
				CFF32E2619ACF65A00DBEDBD /* APHConfirmationView.h */,
				CFF32E2719ACF65A00DBEDBD /* APHConfirmationView.m */,
			);
			name = "Custom Views";
			sourceTree = "<group>";
		};
		CF97C51219A6B1FD00EBECCB /* Interval Tapping */ = {
			isa = PBXGroup;
			children = (
				CFF32E1C19ACF63400DBEDBD /* APHIntervalOverviewViewController.h */,
				CFF32E1D19ACF63400DBEDBD /* APHIntervalOverviewViewController.m */,
				CFF32E1E19ACF63400DBEDBD /* APHIntervalOverviewViewController.xib */,
			);
			name = "Interval Tapping";
			sourceTree = "<group>";
		};
		CF97C51819A7A1BF00EBECCB /* Sustained Phonation */ = {
			isa = PBXGroup;
			children = (
				CFF32E0D19ACF5DE00DBEDBD /* APHPhonationOverviewViewController.h */,
				CFF32E0E19ACF5DE00DBEDBD /* APHPhonationOverviewViewController.m */,
				CFF32E0F19ACF5DE00DBEDBD /* APHPhonationOverviewViewController.xib */,
			);
			name = "Sustained Phonation";
			sourceTree = "<group>";
		};
		CF97C51919A7A1CF00EBECCB /* Sleep Quality */ = {
			isa = PBXGroup;
			children = (
				CFF32E1219ACF5F200DBEDBD /* APHSleepQualityOverviewViewController.h */,
				CFF32E1319ACF5F200DBEDBD /* APHSleepQualityOverviewViewController.m */,
				CFF32E1419ACF5F200DBEDBD /* APHSleepQualityOverviewViewController.xib */,
			);
			name = "Sleep Quality";
			sourceTree = "<group>";
		};
		CF97C51A19A7A20500EBECCB /* Medication Changes */ = {
			isa = PBXGroup;
			children = (
				CFF32E1719ACF62400DBEDBD /* APHChangedMedsOverviewViewController.h */,
				CFF32E1819ACF62400DBEDBD /* APHChangedMedsOverviewViewController.m */,
				CFF32E1919ACF62400DBEDBD /* APHChangedMedsOverviewViewController.xib */,
			);
			name = "Medication Changes";
			sourceTree = "<group>";
		};
		CF97C51B19A7A21300EBECCB /* Tracing Objects */ = {
			isa = PBXGroup;
			children = (
				CFF32E2119ACF64500DBEDBD /* APHTracingOverviewViewController.h */,
				CFF32E2219ACF64500DBEDBD /* APHTracingOverviewViewController.m */,
				CFF32E2319ACF64500DBEDBD /* APHTracingOverviewViewController.xib */,
			);
			name = "Tracing Objects";
			sourceTree = "<group>";
		};
		CFA2ABB419A7C1C1000DB961 /* Frameworks */ = {
			isa = PBXGroup;
			children = (
				F5241C9319AD4CD20098A4DF /* ResearchKit.framework */,
				F5241C9419AD4CD20098A4DF /* ResearchKit.bundle */,
				CFA2ABBF19A7C3EB000DB961 /* AVFoundation.framework */,
				CFA2ABBD19A7C3C2000DB961 /* Security.framework */,
				CFA2ABBB19A7C3A9000DB961 /* CoreData.framework */,
				CFA2ABB519A7C229000DB961 /* HealthKit.framework */,
				CFA2ABC319A7C446000DB961 /* libarchive.dylib */,
				CFA2ABC119A7C431000DB961 /* libz.dylib */,
				743E6F9919A802E20074EDB4 /* APCAppleCore.xcodeproj */,
			);
			name = Frameworks;
			path = Parkinson;
			sourceTree = "<group>";
		};
		CFC2D2CE19A5417D00170E69 = {
			isa = PBXGroup;
			children = (
				CFC2D2D919A5417D00170E69 /* Parkinson */,
				CFC2D2E719A5417D00170E69 /* Images.xcassets */,
				CFA2ABB419A7C1C1000DB961 /* Frameworks */,
				CFC2D2F019A5417D00170E69 /* ParkinsonTests */,
				CFC2D2D819A5417D00170E69 /* Products */,
			);
			sourceTree = "<group>";
		};
		CFC2D2D819A5417D00170E69 /* Products */ = {
			isa = PBXGroup;
			children = (
				CFC2D2D719A5417D00170E69 /* Parkinson.app */,
				CFC2D2ED19A5417D00170E69 /* ParkinsonTests.xctest */,
			);
			name = Products;
			sourceTree = "<group>";
		};
		CFC2D2D919A5417D00170E69 /* Parkinson */ = {
			isa = PBXGroup;
			children = (
				CFC2D2E419A5417D00170E69 /* Main.storyboard */,
				CFC2D2DE19A5417D00170E69 /* APHParkinsonAppDelegate.h */,
				CFC2D2DF19A5417D00170E69 /* APHParkinsonAppDelegate.m */,
				CFF32DF319ACF59D00DBEDBD /* APHActivitiesTableViewCell.h */,
				CFF32DF419ACF59D00DBEDBD /* APHActivitiesTableViewCell.m */,
				CFF32DF519ACF59D00DBEDBD /* APHActivitiesTableViewCell.xib */,
				CFF32DF619ACF59D00DBEDBD /* APHActivitiesViewController.h */,
				CFF32DF719ACF59D00DBEDBD /* APHActivitiesViewController.m */,
				CFF32DF819ACF59D00DBEDBD /* APHStepViewController.h */,
				CFF32DF919ACF59D00DBEDBD /* APHStepViewController.m */,
				CF1BA8F019A56BB000AA27B1 /* Timed Walking Activities */,
				CF97C51819A7A1BF00EBECCB /* Sustained Phonation */,
				CF97C51919A7A1CF00EBECCB /* Sleep Quality */,
				CF97C51A19A7A20500EBECCB /* Medication Changes */,
				CF97C51219A6B1FD00EBECCB /* Interval Tapping */,
				CF97C51B19A7A21300EBECCB /* Tracing Objects */,
				CF1BA8F119A56C0500AA27B1 /* Custom Views */,
				CFC2D30519A55B0600170E69 /* Categories */,
				CFC2D2DA19A5417D00170E69 /* Supporting Files */,
			);
			path = Parkinson;
			sourceTree = "<group>";
		};
		CFC2D2DA19A5417D00170E69 /* Supporting Files */ = {
			isa = PBXGroup;
			children = (
				CFC2D2DB19A5417D00170E69 /* Info.plist */,
				CFC2D2DC19A5417D00170E69 /* main.m */,
			);
			name = "Supporting Files";
			sourceTree = "<group>";
		};
		CFC2D2F019A5417D00170E69 /* ParkinsonTests */ = {
			isa = PBXGroup;
			children = (
				CFC2D2F319A5417D00170E69 /* ParkinsonTests.m */,
				CFC2D2F119A5417D00170E69 /* Supporting Files */,
			);
			path = ParkinsonTests;
			sourceTree = "<group>";
		};
		CFC2D2F119A5417D00170E69 /* Supporting Files */ = {
			isa = PBXGroup;
			children = (
				CFC2D2F219A5417D00170E69 /* Info.plist */,
			);
			name = "Supporting Files";
			sourceTree = "<group>";
		};
		CFC2D30519A55B0600170E69 /* Categories */ = {
			isa = PBXGroup;
			children = (
				CFC2D30619A55B8000170E69 /* NSString+CustomMethods.h */,
				CFC2D30719A55B8000170E69 /* NSString+CustomMethods.m */,
			);
			name = Categories;
			sourceTree = "<group>";
		};
/* End PBXGroup section */

/* Begin PBXNativeTarget section */
		CFC2D2D619A5417D00170E69 /* Parkinson */ = {
			isa = PBXNativeTarget;
			buildConfigurationList = CFC2D2F719A5417D00170E69 /* Build configuration list for PBXNativeTarget "Parkinson" */;
			buildPhases = (
				CFC2D2D319A5417D00170E69 /* Sources */,
				CFC2D2D419A5417D00170E69 /* Frameworks */,
				CFC2D2D519A5417D00170E69 /* Resources */,
			);
			buildRules = (
			);
			dependencies = (
				F5241C4619ABF24D0098A4DF /* PBXTargetDependency */,
				743E6FA319A802F60074EDB4 /* PBXTargetDependency */,
			);
			name = Parkinson;
			productName = Parkinson;
			productReference = CFC2D2D719A5417D00170E69 /* Parkinson.app */;
			productType = "com.apple.product-type.application";
		};
		CFC2D2EC19A5417D00170E69 /* ParkinsonTests */ = {
			isa = PBXNativeTarget;
			buildConfigurationList = CFC2D2FA19A5417D00170E69 /* Build configuration list for PBXNativeTarget "ParkinsonTests" */;
			buildPhases = (
				CFC2D2E919A5417D00170E69 /* Sources */,
				CFC2D2EA19A5417D00170E69 /* Frameworks */,
				CFC2D2EB19A5417D00170E69 /* Resources */,
			);
			buildRules = (
			);
			dependencies = (
				CFC2D2EF19A5417D00170E69 /* PBXTargetDependency */,
			);
			name = ParkinsonTests;
			productName = ParkinsonTests;
			productReference = CFC2D2ED19A5417D00170E69 /* ParkinsonTests.xctest */;
			productType = "com.apple.product-type.bundle.unit-test";
		};
/* End PBXNativeTarget section */

/* Begin PBXProject section */
		CFC2D2CF19A5417D00170E69 /* Project object */ = {
			isa = PBXProject;
			attributes = {
				LastUpgradeCheck = 0600;
				ORGANIZATIONNAME = "Henry McGilton";
				TargetAttributes = {
					CFC2D2D619A5417D00170E69 = {
						CreatedOnToolsVersion = 6.0;
					};
					CFC2D2EC19A5417D00170E69 = {
						CreatedOnToolsVersion = 6.0;
						TestTargetID = CFC2D2D619A5417D00170E69;
					};
				};
			};
			buildConfigurationList = CFC2D2D219A5417D00170E69 /* Build configuration list for PBXProject "Parkinson" */;
			compatibilityVersion = "Xcode 3.2";
			developmentRegion = English;
			hasScannedForEncodings = 0;
			knownRegions = (
				en,
				Base,
			);
			mainGroup = CFC2D2CE19A5417D00170E69;
			productRefGroup = CFC2D2D819A5417D00170E69 /* Products */;
			projectDirPath = "";
			projectReferences = (
				{
					ProductGroup = 743E6F9A19A802E20074EDB4 /* Products */;
					ProjectRef = 743E6F9919A802E20074EDB4 /* APCAppleCore.xcodeproj */;
				},
			);
			projectRoot = "";
			targets = (
				CFC2D2D619A5417D00170E69 /* Parkinson */,
				CFC2D2EC19A5417D00170E69 /* ParkinsonTests */,
			);
		};
/* End PBXProject section */

/* Begin PBXReferenceProxy section */
		743E6F9F19A802E20074EDB4 /* libAPCAppleCore.a */ = {
			isa = PBXReferenceProxy;
			fileType = archive.ar;
			path = libAPCAppleCore.a;
			remoteRef = 743E6F9E19A802E20074EDB4 /* PBXContainerItemProxy */;
			sourceTree = BUILT_PRODUCTS_DIR;
		};
		743E6FA119A802E20074EDB4 /* APCAppleCoreTests.xctest */ = {
			isa = PBXReferenceProxy;
			fileType = wrapper.cfbundle;
			path = APCAppleCoreTests.xctest;
			remoteRef = 743E6FA019A802E20074EDB4 /* PBXContainerItemProxy */;
			sourceTree = BUILT_PRODUCTS_DIR;
		};
		F5E4874719ABE1E700C86FC6 /* APCAppleCoreBundle.bundle */ = {
			isa = PBXReferenceProxy;
			fileType = wrapper.cfbundle;
			path = APCAppleCoreBundle.bundle;
			remoteRef = F5E4874619ABE1E700C86FC6 /* PBXContainerItemProxy */;
			sourceTree = BUILT_PRODUCTS_DIR;
		};
/* End PBXReferenceProxy section */

/* Begin PBXResourcesBuildPhase section */
		CFC2D2D519A5417D00170E69 /* Resources */ = {
			isa = PBXResourcesBuildPhase;
			buildActionMask = 2147483647;
			files = (
				F5E4874819ABE1E700C86FC6 /* APCAppleCoreBundle.bundle in Resources */,
				CFF32E1119ACF5DE00DBEDBD /* APHPhonationOverviewViewController.xib in Resources */,
				CFC2D2E619A5417D00170E69 /* Main.storyboard in Resources */,
				F5241C9619AD4CD20098A4DF /* ResearchKit.bundle in Resources */,
				CFF32E1619ACF5F200DBEDBD /* APHSleepQualityOverviewViewController.xib in Resources */,
				CFF32E0A19ACF5BF00DBEDBD /* APHWalkingResultsViewController.xib in Resources */,
				CFF32E0C19ACF5BF00DBEDBD /* APHWalkingStepsViewController.xib in Resources */,
				CFF32E2019ACF63400DBEDBD /* APHIntervalOverviewViewController.xib in Resources */,
				CFF32E1B19ACF62400DBEDBD /* APHChangedMedsOverviewViewController.xib in Resources */,
				CFF32DFB19ACF59D00DBEDBD /* APHActivitiesTableViewCell.xib in Resources */,
				CFF32E0819ACF5BF00DBEDBD /* APHWalkingOverviewViewController.xib in Resources */,
				CFC2D2E819A5417D00170E69 /* Images.xcassets in Resources */,
				CFF32E2519ACF64500DBEDBD /* APHTracingOverviewViewController.xib in Resources */,
			);
			runOnlyForDeploymentPostprocessing = 0;
		};
		CFC2D2EB19A5417D00170E69 /* Resources */ = {
			isa = PBXResourcesBuildPhase;
			buildActionMask = 2147483647;
			files = (
			);
			runOnlyForDeploymentPostprocessing = 0;
		};
/* End PBXResourcesBuildPhase section */

/* Begin PBXSourcesBuildPhase section */
		CFC2D2D319A5417D00170E69 /* Sources */ = {
			isa = PBXSourcesBuildPhase;
			buildActionMask = 2147483647;
			files = (
				CFF32E1019ACF5DE00DBEDBD /* APHPhonationOverviewViewController.m in Sources */,
				CFF32DFC19ACF59D00DBEDBD /* APHActivitiesViewController.m in Sources */,
				CFF32E1519ACF5F200DBEDBD /* APHSleepQualityOverviewViewController.m in Sources */,
				CFC2D30819A55B8000170E69 /* NSString+CustomMethods.m in Sources */,
				CFF32E1A19ACF62400DBEDBD /* APHChangedMedsOverviewViewController.m in Sources */,
				CFF32DFA19ACF59D00DBEDBD /* APHActivitiesTableViewCell.m in Sources */,
				CFF32E1F19ACF63400DBEDBD /* APHIntervalOverviewViewController.m in Sources */,
				CFF32E0B19ACF5BF00DBEDBD /* APHWalkingStepsViewController.m in Sources */,
				CFC2D2E019A5417D00170E69 /* APHParkinsonAppDelegate.m in Sources */,
				CFF32E0719ACF5BF00DBEDBD /* APHWalkingOverviewViewController.m in Sources */,
				CFF32E2419ACF64500DBEDBD /* APHTracingOverviewViewController.m in Sources */,
				CFF32E0919ACF5BF00DBEDBD /* APHWalkingResultsViewController.m in Sources */,
				CFC2D2DD19A5417D00170E69 /* main.m in Sources */,
				CFF32E2819ACF65A00DBEDBD /* APHConfirmationView.m in Sources */,
				CFF32DFD19ACF59D00DBEDBD /* APHStepViewController.m in Sources */,
			);
			runOnlyForDeploymentPostprocessing = 0;
		};
		CFC2D2E919A5417D00170E69 /* Sources */ = {
			isa = PBXSourcesBuildPhase;
			buildActionMask = 2147483647;
			files = (
				CFC2D2F419A5417D00170E69 /* ParkinsonTests.m in Sources */,
			);
			runOnlyForDeploymentPostprocessing = 0;
		};
/* End PBXSourcesBuildPhase section */

/* Begin PBXTargetDependency section */
		743E6FA319A802F60074EDB4 /* PBXTargetDependency */ = {
			isa = PBXTargetDependency;
			name = APCAppleCore;
			targetProxy = 743E6FA219A802F60074EDB4 /* PBXContainerItemProxy */;
		};
		CFC2D2EF19A5417D00170E69 /* PBXTargetDependency */ = {
			isa = PBXTargetDependency;
			target = CFC2D2D619A5417D00170E69 /* Parkinson */;
			targetProxy = CFC2D2EE19A5417D00170E69 /* PBXContainerItemProxy */;
		};
		F5241C4619ABF24D0098A4DF /* PBXTargetDependency */ = {
			isa = PBXTargetDependency;
			name = APCAppleCoreBundle;
			targetProxy = F5241C4519ABF24D0098A4DF /* PBXContainerItemProxy */;
		};
/* End PBXTargetDependency section */

/* Begin PBXVariantGroup section */
		CFC2D2E419A5417D00170E69 /* Main.storyboard */ = {
			isa = PBXVariantGroup;
			children = (
				CFC2D2E519A5417D00170E69 /* Base */,
			);
			name = Main.storyboard;
			sourceTree = "<group>";
		};
/* End PBXVariantGroup section */

/* Begin XCBuildConfiguration section */
		CFC2D2F519A5417D00170E69 /* Debug */ = {
			isa = XCBuildConfiguration;
			buildSettings = {
				ALWAYS_SEARCH_USER_PATHS = NO;
				CLANG_CXX_LANGUAGE_STANDARD = "gnu++0x";
				CLANG_CXX_LIBRARY = "libc++";
				CLANG_ENABLE_MODULES = YES;
				CLANG_ENABLE_OBJC_ARC = YES;
				CLANG_WARN_BOOL_CONVERSION = YES;
				CLANG_WARN_CONSTANT_CONVERSION = YES;
				CLANG_WARN_DIRECT_OBJC_ISA_USAGE = YES_ERROR;
				CLANG_WARN_EMPTY_BODY = YES;
				CLANG_WARN_ENUM_CONVERSION = YES;
				CLANG_WARN_INT_CONVERSION = YES;
				CLANG_WARN_OBJC_ROOT_CLASS = YES_ERROR;
				CLANG_WARN_UNREACHABLE_CODE = YES;
				CLANG_WARN__DUPLICATE_METHOD_MATCH = YES;
				"CODE_SIGN_IDENTITY[sdk=iphoneos*]" = "iPhone Developer";
				COPY_PHASE_STRIP = NO;
				ENABLE_STRICT_OBJC_MSGSEND = YES;
				GCC_C_LANGUAGE_STANDARD = gnu99;
				GCC_DYNAMIC_NO_PIC = NO;
				GCC_OPTIMIZATION_LEVEL = 0;
				GCC_PREPROCESSOR_DEFINITIONS = (
					"DEBUG=1",
					"$(inherited)",
				);
				GCC_SYMBOLS_PRIVATE_EXTERN = NO;
				GCC_WARN_64_TO_32_BIT_CONVERSION = YES;
				GCC_WARN_ABOUT_RETURN_TYPE = YES_ERROR;
				GCC_WARN_UNDECLARED_SELECTOR = YES;
				GCC_WARN_UNINITIALIZED_AUTOS = YES_AGGRESSIVE;
				GCC_WARN_UNUSED_FUNCTION = YES;
				GCC_WARN_UNUSED_VARIABLE = YES;
				IPHONEOS_DEPLOYMENT_TARGET = 8.0;
				MTL_ENABLE_DEBUG_INFO = YES;
				ONLY_ACTIVE_ARCH = YES;
				SDKROOT = iphoneos;
			};
			name = Debug;
		};
		CFC2D2F619A5417D00170E69 /* Release */ = {
			isa = XCBuildConfiguration;
			buildSettings = {
				ALWAYS_SEARCH_USER_PATHS = NO;
				CLANG_CXX_LANGUAGE_STANDARD = "gnu++0x";
				CLANG_CXX_LIBRARY = "libc++";
				CLANG_ENABLE_MODULES = YES;
				CLANG_ENABLE_OBJC_ARC = YES;
				CLANG_WARN_BOOL_CONVERSION = YES;
				CLANG_WARN_CONSTANT_CONVERSION = YES;
				CLANG_WARN_DIRECT_OBJC_ISA_USAGE = YES_ERROR;
				CLANG_WARN_EMPTY_BODY = YES;
				CLANG_WARN_ENUM_CONVERSION = YES;
				CLANG_WARN_INT_CONVERSION = YES;
				CLANG_WARN_OBJC_ROOT_CLASS = YES_ERROR;
				CLANG_WARN_UNREACHABLE_CODE = YES;
				CLANG_WARN__DUPLICATE_METHOD_MATCH = YES;
				"CODE_SIGN_IDENTITY[sdk=iphoneos*]" = "iPhone Developer";
				COPY_PHASE_STRIP = YES;
				ENABLE_NS_ASSERTIONS = NO;
				ENABLE_STRICT_OBJC_MSGSEND = YES;
				GCC_C_LANGUAGE_STANDARD = gnu99;
				GCC_WARN_64_TO_32_BIT_CONVERSION = YES;
				GCC_WARN_ABOUT_RETURN_TYPE = YES_ERROR;
				GCC_WARN_UNDECLARED_SELECTOR = YES;
				GCC_WARN_UNINITIALIZED_AUTOS = YES_AGGRESSIVE;
				GCC_WARN_UNUSED_FUNCTION = YES;
				GCC_WARN_UNUSED_VARIABLE = YES;
				IPHONEOS_DEPLOYMENT_TARGET = 8.0;
				MTL_ENABLE_DEBUG_INFO = NO;
				SDKROOT = iphoneos;
				VALIDATE_PRODUCT = YES;
			};
			name = Release;
		};
		CFC2D2F819A5417D00170E69 /* Debug */ = {
			isa = XCBuildConfiguration;
			buildSettings = {
				ASSETCATALOG_COMPILER_APPICON_NAME = AppIcon;
				ASSETCATALOG_COMPILER_LAUNCHIMAGE_NAME = LaunchImage;
				FRAMEWORK_SEARCH_PATHS = (
					"$(inherited)",
					"$(PROJECT_DIR)/AppleCore/StudyDemo/ResearchKit",
					"$(PROJECT_DIR)/Parkinson",
					"$(PROJECT_DIR)/AppleCore/APCAppleCore/ResearchKit",
				);
				INFOPLIST_FILE = Parkinson/Info.plist;
				LD_RUNPATH_SEARCH_PATHS = "$(inherited) @executable_path/Frameworks";
				OTHER_LDFLAGS = (
					"-ObjC",
					"-all_load",
				);
				PRODUCT_NAME = "$(TARGET_NAME)";
				USER_HEADER_SEARCH_PATHS = "$(PROJECT_DIR)/AppleCore/**";
			};
			name = Debug;
		};
		CFC2D2F919A5417D00170E69 /* Release */ = {
			isa = XCBuildConfiguration;
			buildSettings = {
				ASSETCATALOG_COMPILER_APPICON_NAME = AppIcon;
				ASSETCATALOG_COMPILER_LAUNCHIMAGE_NAME = LaunchImage;
				FRAMEWORK_SEARCH_PATHS = (
					"$(inherited)",
					"$(PROJECT_DIR)/AppleCore/StudyDemo/ResearchKit",
					"$(PROJECT_DIR)/Parkinson",
					"$(PROJECT_DIR)/AppleCore/APCAppleCore/ResearchKit",
				);
				INFOPLIST_FILE = Parkinson/Info.plist;
				LD_RUNPATH_SEARCH_PATHS = "$(inherited) @executable_path/Frameworks";
				OTHER_LDFLAGS = (
					"-ObjC",
					"-all_load",
				);
				PRODUCT_NAME = "$(TARGET_NAME)";
				USER_HEADER_SEARCH_PATHS = "$(PROJECT_DIR)/AppleCore/**";
			};
			name = Release;
		};
		CFC2D2FB19A5417D00170E69 /* Debug */ = {
			isa = XCBuildConfiguration;
			buildSettings = {
				BUNDLE_LOADER = "$(TEST_HOST)";
				FRAMEWORK_SEARCH_PATHS = (
					"$(SDKROOT)/Developer/Library/Frameworks",
					"$(inherited)",
				);
				GCC_PREPROCESSOR_DEFINITIONS = (
					"DEBUG=1",
					"$(inherited)",
				);
				INFOPLIST_FILE = ParkinsonTests/Info.plist;
				LD_RUNPATH_SEARCH_PATHS = "$(inherited) @executable_path/Frameworks @loader_path/Frameworks";
				PRODUCT_NAME = "$(TARGET_NAME)";
				TEST_HOST = "$(BUILT_PRODUCTS_DIR)/Parkinson.app/Parkinson";
			};
			name = Debug;
		};
		CFC2D2FC19A5417D00170E69 /* Release */ = {
			isa = XCBuildConfiguration;
			buildSettings = {
				BUNDLE_LOADER = "$(TEST_HOST)";
				FRAMEWORK_SEARCH_PATHS = (
					"$(SDKROOT)/Developer/Library/Frameworks",
					"$(inherited)",
				);
				INFOPLIST_FILE = ParkinsonTests/Info.plist;
				LD_RUNPATH_SEARCH_PATHS = "$(inherited) @executable_path/Frameworks @loader_path/Frameworks";
				PRODUCT_NAME = "$(TARGET_NAME)";
				TEST_HOST = "$(BUILT_PRODUCTS_DIR)/Parkinson.app/Parkinson";
			};
			name = Release;
		};
/* End XCBuildConfiguration section */

/* Begin XCConfigurationList section */
		CFC2D2D219A5417D00170E69 /* Build configuration list for PBXProject "Parkinson" */ = {
			isa = XCConfigurationList;
			buildConfigurations = (
				CFC2D2F519A5417D00170E69 /* Debug */,
				CFC2D2F619A5417D00170E69 /* Release */,
			);
			defaultConfigurationIsVisible = 0;
			defaultConfigurationName = Release;
		};
		CFC2D2F719A5417D00170E69 /* Build configuration list for PBXNativeTarget "Parkinson" */ = {
			isa = XCConfigurationList;
			buildConfigurations = (
				CFC2D2F819A5417D00170E69 /* Debug */,
				CFC2D2F919A5417D00170E69 /* Release */,
			);
			defaultConfigurationIsVisible = 0;
			defaultConfigurationName = Release;
		};
		CFC2D2FA19A5417D00170E69 /* Build configuration list for PBXNativeTarget "ParkinsonTests" */ = {
			isa = XCConfigurationList;
			buildConfigurations = (
				CFC2D2FB19A5417D00170E69 /* Debug */,
				CFC2D2FC19A5417D00170E69 /* Release */,
			);
			defaultConfigurationIsVisible = 0;
			defaultConfigurationName = Release;
		};
/* End XCConfigurationList section */
	};
	rootObject = CFC2D2CF19A5417D00170E69 /* Project object */;
}
